<?xml version="1.0" encoding="utf-8"?>
<Project ToolsVersion="4.0" xmlns="http://schemas.microsoft.com/developer/msbuild/2003">
  <ItemGroup>
    <ClCompile Include="ServerSources\ServerMain.cpp">
      <Filter>ServerSources</Filter>
    </ClCompile>
    <ClCompile Include="ServerSources\Session\GameSession.cpp">
      <Filter>ServerSources\Session</Filter>
    </ClCompile>
    <ClCompile Include="ServerSources\Session\GameSessionManager.cpp">
      <Filter>ServerSources\Session</Filter>
    </ClCompile>
    <ClCompile Include="ServerSources\Packet\ServerPacketHandler.cpp">
      <Filter>ServerSources\Packet</Filter>
    </ClCompile>
    <ClCompile Include="ServerSources\Pch\Pch.cpp">
      <Filter>ServerSources\Pch</Filter>
    </ClCompile>
    <ClCompile Include="ServerSources\Protobuf\Enum.pb.cc">
      <Filter>ServerSources\Protobuf</Filter>
    </ClCompile>
    <ClCompile Include="ServerSources\Protobuf\Packet.pb.cc">
      <Filter>ServerSources\Protobuf</Filter>
    </ClCompile>
    <ClCompile Include="ServerSources\Protobuf\ProtocolId.pb.cc">
      <Filter>ServerSources\Protobuf</Filter>
    </ClCompile>
    <ClCompile Include="ServerSources\Protobuf\Struct.pb.cc">
      <Filter>ServerSources\Protobuf</Filter>
    </ClCompile>
    <ClCompile Include="ServerSources\Game\GameEntity.cpp">
      <Filter>ServerSources\Game</Filter>
    </ClCompile>
    <ClCompile Include="ServerSources\Game\GameRoom.cpp">
      <Filter>ServerSources\Game</Filter>
    </ClCompile>
    <ClCompile Include="ServerSources\Game\Monster\GameMonster.cpp">
      <Filter>ServerSources\Game\Monster</Filter>
    </ClCompile>
    <ClCompile Include="ServerSources\Game\Player\GamePlayer.cpp">
      <Filter>ServerSources\Game\Player</Filter>
    </ClCompile>
    <ClCompile Include="ServerSources\Game\Monster\GameMonsterFactory.cpp">
      <Filter>ServerSources\Game\Monster</Filter>
    </ClCompile>
    <ClCompile Include="ServerSources\Game\Monster\GameMonsterActionState.cpp">
      <Filter>ServerSources\Game\Monster</Filter>
    </ClCompile>
    <ClCompile Include="ServerSources\Game\Monster\GameMonsterUtility.cpp">
      <Filter>ServerSources\Game\Monster</Filter>
    </ClCompile>
    <ClCompile Include="ServerSources\ErrorHandler\ServerErrorHandler.cpp">
      <Filter>ServerSources\ErrorHandler</Filter>
    </ClCompile>
  </ItemGroup>
  <ItemGroup>
    <ClInclude Include="ServerSources\Session\GameSession.h">
      <Filter>ServerSources\Session</Filter>
    </ClInclude>
    <ClInclude Include="ServerSources\Session\GameSessionManager.h">
      <Filter>ServerSources\Session</Filter>
    </ClInclude>
    <ClInclude Include="ServerSources\Packet\ServerPacketHandler.h">
      <Filter>ServerSources\Packet</Filter>
    </ClInclude>
    <ClInclude Include="ServerSources\Global\DataTypes.h">
      <Filter>ServerSources\Global</Filter>
    </ClInclude>
    <ClInclude Include="ServerSources\Pch\Pch.h">
      <Filter>ServerSources\Pch</Filter>
    </ClInclude>
    <ClInclude Include="ServerSources\Protobuf\Enum.pb.h">
      <Filter>ServerSources\Protobuf</Filter>
    </ClInclude>
    <ClInclude Include="ServerSources\Protobuf\Packet.pb.h">
      <Filter>ServerSources\Protobuf</Filter>
    </ClInclude>
    <ClInclude Include="ServerSources\Protobuf\ProtocolId.pb.h">
      <Filter>ServerSources\Protobuf</Filter>
    </ClInclude>
    <ClInclude Include="ServerSources\Protobuf\Struct.pb.h">
      <Filter>ServerSources\Protobuf</Filter>
    </ClInclude>
    <ClInclude Include="ServerSources\Game\GameEntity.h">
      <Filter>ServerSources\Game</Filter>
    </ClInclude>
    <ClInclude Include="ServerSources\Game\GameRoom.h">
      <Filter>ServerSources\Game</Filter>
    </ClInclude>
    <ClInclude Include="ServerSources\Game\Monster\GameMonster.h">
      <Filter>ServerSources\Game\Monster</Filter>
    </ClInclude>
    <ClInclude Include="ServerSources\Game\Player\GamePlayer.h">
      <Filter>ServerSources\Game\Player</Filter>
    </ClInclude>
    <ClInclude Include="ServerSources\Game\Monster\GameMonsterFactory.h">
      <Filter>ServerSources\Game\Monster</Filter>
    </ClInclude>
    <ClInclude Include="ServerSources\Game\Monster\GameMonsterActionState.h">
      <Filter>ServerSources\Game\Monster</Filter>
    </ClInclude>
    <ClInclude Include="ServerSources\Game\Monster\GameMonsterUtility.h">
      <Filter>ServerSources\Game\Monster</Filter>
    </ClInclude>
    <ClInclude Include="ServerSources\ErrorHandler\ServerErrorHandler.h">
      <Filter>ServerSources\ErrorHandler</Filter>
    </ClInclude>
    <ClInclude Include="ServerSources\ErrorHandler\ErrorEnums.h">
      <Filter>ServerSources\ErrorHandler</Filter>
    </ClInclude>
  </ItemGroup>
  <ItemGroup>
    <Filter Include="ServerSources">
      <UniqueIdentifier>{079f3685-a627-49f1-b801-7aed7c9092fa}</UniqueIdentifier>
    </Filter>
    <Filter Include="ServerSources\Session">
      <UniqueIdentifier>{e9196629-2793-4976-8ccd-39679587a78b}</UniqueIdentifier>
    </Filter>
    <Filter Include="ServerSources\Packet">
      <UniqueIdentifier>{0232d3cf-45df-4041-933d-fd94071790db}</UniqueIdentifier>
    </Filter>
    <Filter Include="ServerSources\Global">
      <UniqueIdentifier>{2b366a63-1e57-4207-bee5-e0becd7b62c9}</UniqueIdentifier>
    </Filter>
    <Filter Include="ServerSources\Pch">
      <UniqueIdentifier>{e51c8012-88aa-49a7-b139-1263cb6926cb}</UniqueIdentifier>
    </Filter>
    <Filter Include="ServerSources\Protobuf">
      <UniqueIdentifier>{23739f0e-3d49-40f2-9c8b-c6be6124fb72}</UniqueIdentifier>
    </Filter>
    <Filter Include="ServerSources\Game">
      <UniqueIdentifier>{7a4c159d-fb42-4abe-93b6-b74f868fe562}</UniqueIdentifier>
    </Filter>
    <Filter Include="ServerSources\Game\Monster">
      <UniqueIdentifier>{48fd1e08-4f09-4155-a167-3c9c763462b4}</UniqueIdentifier>
    </Filter>
    <Filter Include="ServerSources\Game\Player">
      <UniqueIdentifier>{b7abef11-44f3-4a2f-90ef-79f0cf2074be}</UniqueIdentifier>
    </Filter>
    <Filter Include="ServerSources\ErrorHandler">
      <UniqueIdentifier>{69c9c089-6d01-466c-8d28-4d047f18e8d1}</UniqueIdentifier>
    </Filter>
  </ItemGroup>
</Project>