<?xml version="1.0" encoding="utf-8"?>
<Project ToolsVersion="4.0" xmlns="http://schemas.microsoft.com/developer/msbuild/2003">
  <ItemGroup>
    <Filter Include="Sources">
      <UniqueIdentifier>{4FC737F1-C7A5-4376-A066-2A32D752A2FF}</UniqueIdentifier>
      <Extensions>cpp;c;cc;cxx;c++;cppm;ixx;def;odl;idl;hpj;bat;asm;asmx</Extensions>
    </Filter>
    <Filter Include="Sources\Client">
      <UniqueIdentifier>{130b339c-8e32-47d2-bc88-2ead70cfdc13}</UniqueIdentifier>
    </Filter>
    <Filter Include="Sources\Engine">
      <UniqueIdentifier>{4d6ddc3e-b743-4037-8d0f-fd7705717287}</UniqueIdentifier>
    </Filter>
    <Filter Include="Sources\Engine\Global">
      <UniqueIdentifier>{16ccb05a-af76-4315-bb03-feed164b9d5f}</UniqueIdentifier>
    </Filter>
    <Filter Include="Sources\Client\Global">
      <UniqueIdentifier>{8cb2426a-1af7-4dd7-b24d-ebf55af20ac1}</UniqueIdentifier>
    </Filter>
    <Filter Include="Sources\Client\GameApplication">
      <UniqueIdentifier>{8197e689-7313-4eeb-8af7-e095c92748aa}</UniqueIdentifier>
    </Filter>
    <Filter Include="Sources\Engine\Log">
      <UniqueIdentifier>{99bc8c6f-f47d-4543-b799-51d8c6e9202b}</UniqueIdentifier>
    </Filter>
    <Filter Include="Sources\Pch">
      <UniqueIdentifier>{6e2c879c-f2b4-47b2-9b9c-574293a12c6c}</UniqueIdentifier>
    </Filter>
    <Filter Include="Sources\Engine\Time">
      <UniqueIdentifier>{dbfed1c8-88c6-4090-82d1-34263eeaa5ba}</UniqueIdentifier>
    </Filter>
    <Filter Include="Sources\Engine\Log\Logger">
      <UniqueIdentifier>{6ae2246b-9c3e-401a-af8e-6c0b159c95a0}</UniqueIdentifier>
    </Filter>
    <Filter Include="Sources\Engine\File">
      <UniqueIdentifier>{bffa6b39-ba82-448b-8444-ae962892af9b}</UniqueIdentifier>
    </Filter>
    <Filter Include="Sources\Engine\UtilityClass">
      <UniqueIdentifier>{b1151907-f4d8-44a8-b230-bee2e1d2ac1a}</UniqueIdentifier>
    </Filter>
    <Filter Include="Sources\Engine\ErrorHandler">
      <UniqueIdentifier>{3b912977-534b-44a7-b98f-05f6ed9d698f}</UniqueIdentifier>
    </Filter>
    <Filter Include="Sources\Engine\String">
      <UniqueIdentifier>{48a7a7e1-3579-4349-bd88-4b41ead33aad}</UniqueIdentifier>
    </Filter>
    <Filter Include="Sources\Engine\GameFrame">
      <UniqueIdentifier>{6b0cd3d5-00a7-4731-8721-985e6c673bf3}</UniqueIdentifier>
    </Filter>
    <Filter Include="Sources\Engine\Component">
      <UniqueIdentifier>{ac26ec12-a99d-4213-a654-eabf28d05fbf}</UniqueIdentifier>
    </Filter>
    <Filter Include="Sources\Engine\Actor">
      <UniqueIdentifier>{e186d84d-3ec6-44d6-9f36-2279c06dfd4b}</UniqueIdentifier>
    </Filter>
    <Filter Include="Sources\Engine\Scene">
      <UniqueIdentifier>{813b741f-1add-4f1a-b4c2-addecfb6eaa3}</UniqueIdentifier>
    </Filter>
    <Filter Include="Sources\Engine\Event">
      <UniqueIdentifier>{aa1cc32e-b10c-485f-9ed3-0722f4a7a87d}</UniqueIdentifier>
    </Filter>
    <Filter Include="Sources\Engine\Resource">
      <UniqueIdentifier>{5ebe628d-fc5b-4377-bcd9-c2a74c4223da}</UniqueIdentifier>
    </Filter>
    <Filter Include="Sources\Engine\Resource\Texture">
      <UniqueIdentifier>{a5e2bcb7-035d-4897-95d5-12323546a355}</UniqueIdentifier>
    </Filter>
    <Filter Include="Sources\Engine\Resource\Sprite">
      <UniqueIdentifier>{af95e7f1-3e3e-448c-bd6c-1b18d657ea37}</UniqueIdentifier>
    </Filter>
    <Filter Include="Sources\Client\Scene">
      <UniqueIdentifier>{00dbde32-bb6d-4a7b-90ee-6537b6b5ef52}</UniqueIdentifier>
    </Filter>
    <Filter Include="Sources\Client\Player">
      <UniqueIdentifier>{77939aea-34c1-4198-8112-ee48230c677b}</UniqueIdentifier>
    </Filter>
    <Filter Include="Sources\Engine\Math">
      <UniqueIdentifier>{7f95ae2f-97c2-4f96-8b13-84aa2be20837}</UniqueIdentifier>
    </Filter>
    <Filter Include="Sources\Client\World">
      <UniqueIdentifier>{7a0b3a64-7419-49d7-94a3-effcfb149e42}</UniqueIdentifier>
    </Filter>
    <Filter Include="Sources\Engine\World">
      <UniqueIdentifier>{f5c666c8-dcd5-45be-a67b-1efbc75d4ef1}</UniqueIdentifier>
    </Filter>
    <Filter Include="Sources\Engine\Component\RenderComponent">
      <UniqueIdentifier>{f73d2166-93b4-4158-9b04-741112adc0ea}</UniqueIdentifier>
    </Filter>
    <Filter Include="Sources\Engine\Delegator">
      <UniqueIdentifier>{82f1cbd7-02b5-400a-a64f-81c6d617503d}</UniqueIdentifier>
    </Filter>
    <Filter Include="Sources\Engine\Input">
      <UniqueIdentifier>{f850573d-630d-4691-8732-4e113b44b1c3}</UniqueIdentifier>
    </Filter>
    <Filter Include="Sources\Engine\LocalPlayer">
      <UniqueIdentifier>{6dbfd939-2431-4519-bab0-e8190a4ff4bc}</UniqueIdentifier>
    </Filter>
    <Filter Include="Sources\Engine\SpecialContainer">
      <UniqueIdentifier>{136db556-cd78-4713-8476-904d080809c6}</UniqueIdentifier>
    </Filter>
    <Filter Include="Sources\Client\Editor">
      <UniqueIdentifier>{a9473c3c-7072-447c-8615-deed306b60cd}</UniqueIdentifier>
    </Filter>
  </ItemGroup>
  <ItemGroup>
    <ClCompile Include="Sources\Client\GameApplication\GameApplication.cpp">
      <Filter>Sources\Client\GameApplication</Filter>
    </ClCompile>
    <ClCompile Include="Sources\Client\GameApplication\WindowProcedure.cpp">
      <Filter>Sources\Client\GameApplication</Filter>
    </ClCompile>
    <ClCompile Include="Sources\Engine\Log\LogCategory.cpp">
      <Filter>Sources\Engine\Log</Filter>
    </ClCompile>
    <ClCompile Include="Sources\Engine\Log\LogSystem.cpp">
      <Filter>Sources\Engine\Log</Filter>
    </ClCompile>
    <ClCompile Include="Sources\GameMain.cpp">
      <Filter>Sources</Filter>
    </ClCompile>
    <ClCompile Include="Sources\Pch\Pch.cpp">
      <Filter>Sources\Pch</Filter>
    </ClCompile>
    <ClCompile Include="Sources\Engine\Time\TimeUtility.cpp">
      <Filter>Sources\Engine\Time</Filter>
    </ClCompile>
    <ClCompile Include="Sources\Engine\Log\Logger\FileLogger.cpp">
      <Filter>Sources\Engine\Log\Logger</Filter>
    </ClCompile>
    <ClCompile Include="Sources\Engine\Log\Logger\PopUpLogger.cpp">
      <Filter>Sources\Engine\Log\Logger</Filter>
    </ClCompile>
    <ClCompile Include="Sources\Engine\Log\Logger\TraceLogger.cpp">
      <Filter>Sources\Engine\Log\Logger</Filter>
    </ClCompile>
    <ClCompile Include="Sources\Engine\File\FileStream.cpp">
      <Filter>Sources\Engine\File</Filter>
    </ClCompile>
    <ClCompile Include="Sources\Engine\File\PathManager.cpp">
      <Filter>Sources\Engine\File</Filter>
    </ClCompile>
    <ClCompile Include="Sources\Engine\ErrorHandler\ErrorHandler.cpp">
      <Filter>Sources\Engine\ErrorHandler</Filter>
    </ClCompile>
    <ClCompile Include="Sources\Engine\Time\Timer.cpp">
      <Filter>Sources\Engine\Time</Filter>
    </ClCompile>
    <ClCompile Include="Sources\Engine\Time\TimerManager.cpp">
      <Filter>Sources\Engine\Time</Filter>
    </ClCompile>
    <ClCompile Include="Sources\Engine\GameFrame\GameFrameHandler.cpp">
      <Filter>Sources\Engine\GameFrame</Filter>
    </ClCompile>
    <ClCompile Include="Sources\Engine\Component\Component.cpp">
      <Filter>Sources\Engine\Component</Filter>
    </ClCompile>
    <ClCompile Include="Sources\Engine\Component\TransformComponent.cpp">
      <Filter>Sources\Engine\Component</Filter>
    </ClCompile>
    <ClCompile Include="Sources\Engine\Actor\Actor.cpp">
      <Filter>Sources\Engine\Actor</Filter>
    </ClCompile>
    <ClCompile Include="Sources\Engine\Scene\Scene.cpp">
      <Filter>Sources\Engine\Scene</Filter>
    </ClCompile>
    <ClCompile Include="Sources\Engine\Scene\SceneTracer.cpp">
      <Filter>Sources\Engine\Scene</Filter>
    </ClCompile>
    <ClCompile Include="Sources\Engine\Scene\SceneRenderer.cpp">
      <Filter>Sources\Engine\Scene</Filter>
    </ClCompile>
    <ClCompile Include="Sources\Engine\Scene\SceneManager.cpp">
      <Filter>Sources\Engine\Scene</Filter>
    </ClCompile>
    <ClCompile Include="Sources\Engine\Resource\PersistantResource.cpp">
      <Filter>Sources\Engine\Resource</Filter>
    </ClCompile>
    <ClCompile Include="Sources\Engine\Resource\ResourceMananger.cpp">
      <Filter>Sources\Engine\Resource</Filter>
    </ClCompile>
    <ClCompile Include="Sources\Engine\Resource\ResourceStorage.cpp">
      <Filter>Sources\Engine\Resource</Filter>
    </ClCompile>
    <ClCompile Include="Sources\Engine\Resource\Texture\Texture.cpp">
      <Filter>Sources\Engine\Resource\Texture</Filter>
    </ClCompile>
    <ClCompile Include="Sources\Engine\Resource\Texture\TextureStorage.cpp">
      <Filter>Sources\Engine\Resource\Texture</Filter>
    </ClCompile>
    <ClCompile Include="Sources\Engine\Log\LogCategoryList.cpp">
      <Filter>Sources\Engine\Log</Filter>
    </ClCompile>
    <ClCompile Include="Sources\Engine\Resource\Sprite\DynamicSprite.cpp">
      <Filter>Sources\Engine\Resource\Sprite</Filter>
    </ClCompile>
    <ClCompile Include="Sources\Engine\Resource\Sprite\StaticSprite.cpp">
      <Filter>Sources\Engine\Resource\Sprite</Filter>
    </ClCompile>
    <ClCompile Include="Sources\Engine\Resource\Sprite\StaticSpriteStorage.cpp">
      <Filter>Sources\Engine\Resource\Sprite</Filter>
    </ClCompile>
    <ClCompile Include="Sources\Engine\Resource\Sprite\SpriteBase.cpp">
      <Filter>Sources\Engine\Resource\Sprite</Filter>
    </ClCompile>
    <ClCompile Include="Sources\Engine\Global\Utility.cpp">
      <Filter>Sources\Engine\Global</Filter>
    </ClCompile>
    <ClCompile Include="Sources\Engine\Resource\Sprite\DynamicSpriteStorage.cpp">
      <Filter>Sources\Engine\Resource\Sprite</Filter>
    </ClCompile>
    <ClCompile Include="Sources\Engine\Actor\CellActor.cpp">
      <Filter>Sources\Engine\Actor</Filter>
    </ClCompile>
    <ClCompile Include="Sources\Client\Scene\GameScene.cpp">
      <Filter>Sources\Client\Scene</Filter>
    </ClCompile>
    <ClCompile Include="Sources\Engine\Component\SceneActorMoveComponent.cpp">
      <Filter>Sources\Engine\Component</Filter>
    </ClCompile>
    <ClCompile Include="Sources\Client\Player\PlayerActor.cpp">
      <Filter>Sources\Client\Player</Filter>
    </ClCompile>
    <ClCompile Include="Sources\Client\Player\PlayerState.cpp">
      <Filter>Sources\Client\Player</Filter>
    </ClCompile>
    <ClCompile Include="Sources\Engine\Component\CameraComponent.cpp">
      <Filter>Sources\Engine\Component</Filter>
    </ClCompile>
    <ClCompile Include="Sources\Engine\Math\Size.cpp">
      <Filter>Sources\Engine\Math</Filter>
    </ClCompile>
    <ClCompile Include="Sources\Client\World\WorldBackgroundActor.cpp">
      <Filter>Sources\Client\World</Filter>
    </ClCompile>
    <ClCompile Include="Sources\Engine\World\WorldContext.cpp">
      <Filter>Sources\Engine\World</Filter>
    </ClCompile>
    <ClCompile Include="Sources\Engine\Actor\WorldTileMapActor.cpp">
      <Filter>Sources\Engine\Actor</Filter>
    </ClCompile>
    <ClCompile Include="Sources\Engine\Component\RenderComponent\RenderComponent.cpp">
      <Filter>Sources\Engine\Component\RenderComponent</Filter>
    </ClCompile>
    <ClCompile Include="Sources\Engine\Component\RenderComponent\DynamicSpriteComponent.cpp">
      <Filter>Sources\Engine\Component\RenderComponent</Filter>
    </ClCompile>
    <ClCompile Include="Sources\Engine\Component\RenderComponent\StaticSpriteComponent.cpp">
      <Filter>Sources\Engine\Component\RenderComponent</Filter>
    </ClCompile>
    <ClCompile Include="Sources\Engine\Component\RenderComponent\RectangleShapeComponent.cpp">
      <Filter>Sources\Engine\Component\RenderComponent</Filter>
    </ClCompile>
    <ClCompile Include="Sources\Engine\Actor\WorldTileActor.cpp">
      <Filter>Sources\Engine\Actor</Filter>
    </ClCompile>
    <ClCompile Include="Sources\Engine\Actor\CameraActor.cpp">
      <Filter>Sources\Engine\Actor</Filter>
    </ClCompile>
    <ClCompile Include="Sources\Engine\Input\InputActionValue.cpp">
      <Filter>Sources\Engine\Input</Filter>
    </ClCompile>
    <ClCompile Include="Sources\Engine\Input\InputAction.cpp">
      <Filter>Sources\Engine\Input</Filter>
    </ClCompile>
    <ClCompile Include="Sources\Engine\Input\InputMappingContext.cpp">
      <Filter>Sources\Engine\Input</Filter>
    </ClCompile>
    <ClCompile Include="Sources\Engine\Input\InputDeviceManager.cpp">
      <Filter>Sources\Engine\Input</Filter>
    </ClCompile>
    <ClCompile Include="Sources\Engine\Input\KeyboardDevice.cpp">
      <Filter>Sources\Engine\Input</Filter>
    </ClCompile>
    <ClCompile Include="Sources\Engine\Input\MouseDevice.cpp">
      <Filter>Sources\Engine\Input</Filter>
    </ClCompile>
    <ClCompile Include="Sources\Engine\LocalPlayer\LocalPlayerInputSystem.cpp">
      <Filter>Sources\Engine\LocalPlayer</Filter>
    </ClCompile>
    <ClCompile Include="Sources\Client\Scene\EditScene.cpp">
      <Filter>Sources\Client\Scene</Filter>
    </ClCompile>
    <ClCompile Include="Sources\Engine\Component\EditorActorMoveComponent.cpp">
      <Filter>Sources\Engine\Component</Filter>
    </ClCompile>
    <ClCompile Include="Sources\Client\Editor\EditorActor.cpp">
      <Filter>Sources\Client\Editor</Filter>
    </ClCompile>
  </ItemGroup>
  <ItemGroup>
    <ClInclude Include="Sources\Engine\Global\DataTypes.h">
      <Filter>Sources\Engine\Global</Filter>
    </ClInclude>
    <ClInclude Include="Sources\Engine\Global\Inclusion.h">
      <Filter>Sources\Engine\Global</Filter>
    </ClInclude>
    <ClInclude Include="Sources\Engine\Global\Macros.h">
      <Filter>Sources\Engine\Global</Filter>
    </ClInclude>
    <ClInclude Include="Sources\Engine\Global\ICoreLoop.h">
      <Filter>Sources\Engine\Global</Filter>
    </ClInclude>
    <ClInclude Include="Sources\Client\GameApplication\GameApplication.h">
      <Filter>Sources\Client\GameApplication</Filter>
    </ClInclude>
    <ClInclude Include="Sources\Client\GameApplication\WindowProcedure.h">
      <Filter>Sources\Client\GameApplication</Filter>
    </ClInclude>
    <ClInclude Include="Sources\Engine\Log\LogCategory.h">
      <Filter>Sources\Engine\Log</Filter>
    </ClInclude>
    <ClInclude Include="Sources\Engine\Log\LogEnums.h">
      <Filter>Sources\Engine\Log</Filter>
    </ClInclude>
    <ClInclude Include="Sources\Engine\Log\LogInclusion.h">
      <Filter>Sources\Engine\Log</Filter>
    </ClInclude>
    <ClInclude Include="Sources\Engine\Log\LogMacro.h">
      <Filter>Sources\Engine\Log</Filter>
    </ClInclude>
    <ClInclude Include="Sources\Engine\Log\LogSystem.h">
      <Filter>Sources\Engine\Log</Filter>
    </ClInclude>
    <ClInclude Include="Sources\Pch\Pch.h">
      <Filter>Sources\Pch</Filter>
    </ClInclude>
    <ClInclude Include="Sources\Engine\Time\TimeUtility.h">
      <Filter>Sources\Engine\Time</Filter>
    </ClInclude>
    <ClInclude Include="Sources\Engine\Log\Logger\FileLogger.h">
      <Filter>Sources\Engine\Log\Logger</Filter>
    </ClInclude>
    <ClInclude Include="Sources\Engine\Log\Logger\PopUpLogger.h">
      <Filter>Sources\Engine\Log\Logger</Filter>
    </ClInclude>
    <ClInclude Include="Sources\Engine\Log\Logger\TraceLogger.h">
      <Filter>Sources\Engine\Log\Logger</Filter>
    </ClInclude>
    <ClInclude Include="Sources\Engine\Log\Logger\ILogger.h">
      <Filter>Sources\Engine\Log\Logger</Filter>
    </ClInclude>
    <ClInclude Include="Sources\Engine\File\FileStream.h">
      <Filter>Sources\Engine\File</Filter>
    </ClInclude>
    <ClInclude Include="Sources\Engine\File\PathManager.h">
      <Filter>Sources\Engine\File</Filter>
    </ClInclude>
    <ClInclude Include="Sources\Engine\UtilityClass\EnumBitset.hpp">
      <Filter>Sources\Engine\UtilityClass</Filter>
    </ClInclude>
    <ClInclude Include="Sources\Engine\ErrorHandler\ErrorEnums.h">
      <Filter>Sources\Engine\ErrorHandler</Filter>
    </ClInclude>
    <ClInclude Include="Sources\Engine\ErrorHandler\ErrorHandler.h">
      <Filter>Sources\Engine\ErrorHandler</Filter>
    </ClInclude>
    <ClInclude Include="Sources\Engine\String\StringUtility.hpp">
      <Filter>Sources\Engine\String</Filter>
    </ClInclude>
    <ClInclude Include="Sources\Engine\Time\Timer.h">
      <Filter>Sources\Engine\Time</Filter>
    </ClInclude>
    <ClInclude Include="Sources\Engine\Time\TimerManager.h">
      <Filter>Sources\Engine\Time</Filter>
    </ClInclude>
    <ClInclude Include="Sources\Engine\GameFrame\GameFrameHandler.h">
      <Filter>Sources\Engine\GameFrame</Filter>
    </ClInclude>
    <ClInclude Include="Sources\Engine\Component\Component.h">
      <Filter>Sources\Engine\Component</Filter>
    </ClInclude>
    <ClInclude Include="Sources\Engine\Component\TransformComponent.h">
      <Filter>Sources\Engine\Component</Filter>
    </ClInclude>
    <ClInclude Include="Sources\Engine\Actor\Actor.h">
      <Filter>Sources\Engine\Actor</Filter>
    </ClInclude>
    <ClInclude Include="Sources\Engine\Scene\Scene.h">
      <Filter>Sources\Engine\Scene</Filter>
    </ClInclude>
    <ClInclude Include="Sources\Engine\Scene\SceneTracer.h">
      <Filter>Sources\Engine\Scene</Filter>
    </ClInclude>
    <ClInclude Include="Sources\Engine\Actor\ActorEnums.h">
      <Filter>Sources\Engine\Actor</Filter>
    </ClInclude>
    <ClInclude Include="Sources\Engine\Scene\SceneRenderer.h">
      <Filter>Sources\Engine\Scene</Filter>
    </ClInclude>
    <ClInclude Include="Sources\Engine\Event\Event.hpp">
      <Filter>Sources\Engine\Event</Filter>
    </ClInclude>
    <ClInclude Include="Sources\Engine\Scene\SceneManager.h">
      <Filter>Sources\Engine\Scene</Filter>
    </ClInclude>
    <ClInclude Include="Sources\Engine\Resource\PersistantResource.h">
      <Filter>Sources\Engine\Resource</Filter>
    </ClInclude>
    <ClInclude Include="Sources\Engine\Resource\ResourceMananger.h">
      <Filter>Sources\Engine\Resource</Filter>
    </ClInclude>
    <ClInclude Include="Sources\Engine\Resource\ResourceStorage.h">
      <Filter>Sources\Engine\Resource</Filter>
    </ClInclude>
    <ClInclude Include="Sources\Engine\Resource\Texture\Texture.h">
      <Filter>Sources\Engine\Resource\Texture</Filter>
    </ClInclude>
    <ClInclude Include="Sources\Engine\Resource\Texture\TextureStorage.h">
      <Filter>Sources\Engine\Resource\Texture</Filter>
    </ClInclude>
    <ClInclude Include="Sources\Engine\Log\LogCategoryList.h">
      <Filter>Sources\Engine\Log</Filter>
    </ClInclude>
    <ClInclude Include="Sources\Engine\Resource\Sprite\DynamicSprite.h">
      <Filter>Sources\Engine\Resource\Sprite</Filter>
    </ClInclude>
    <ClInclude Include="Sources\Engine\Resource\Sprite\StaticSprite.h">
      <Filter>Sources\Engine\Resource\Sprite</Filter>
    </ClInclude>
    <ClInclude Include="Sources\Engine\Resource\Sprite\StaticSpriteStorage.h">
      <Filter>Sources\Engine\Resource\Sprite</Filter>
    </ClInclude>
    <ClInclude Include="Sources\Engine\Resource\Sprite\SpriteBase.h">
      <Filter>Sources\Engine\Resource\Sprite</Filter>
    </ClInclude>
    <ClInclude Include="Sources\Engine\Global\Utility.h">
      <Filter>Sources\Engine\Global</Filter>
    </ClInclude>
    <ClInclude Include="Sources\Engine\Resource\Sprite\DynamicSpriteStorage.h">
      <Filter>Sources\Engine\Resource\Sprite</Filter>
    </ClInclude>
    <ClInclude Include="Sources\Engine\Actor\CellActor.h">
      <Filter>Sources\Engine\Actor</Filter>
    </ClInclude>
    <ClInclude Include="Sources\Client\Scene\GameScene.h">
      <Filter>Sources\Client\Scene</Filter>
    </ClInclude>
    <ClInclude Include="Sources\Engine\Component\SceneActorMoveComponent.h">
      <Filter>Sources\Engine\Component</Filter>
    </ClInclude>
    <ClInclude Include="Sources\Client\Global\DataTypes.h">
      <Filter>Sources\Client\Global</Filter>
    </ClInclude>
    <ClInclude Include="Sources\Client\Player\PlayerActor.h">
      <Filter>Sources\Client\Player</Filter>
    </ClInclude>
    <ClInclude Include="Sources\Client\Player\PlayerState.h">
      <Filter>Sources\Client\Player</Filter>
    </ClInclude>
    <ClInclude Include="Sources\Client\Global\Inclusion.h">
      <Filter>Sources\Client\Global</Filter>
    </ClInclude>
    <ClInclude Include="Sources\Engine\Component\CameraComponent.h">
      <Filter>Sources\Engine\Component</Filter>
    </ClInclude>
    <ClInclude Include="Sources\Engine\Math\Size.h">
      <Filter>Sources\Engine\Math</Filter>
    </ClInclude>
    <ClInclude Include="Sources\Client\World\WorldBackgroundActor.h">
      <Filter>Sources\Client\World</Filter>
    </ClInclude>
    <ClInclude Include="Sources\Engine\World\WorldContext.h">
      <Filter>Sources\Engine\World</Filter>
    </ClInclude>
    <ClInclude Include="Sources\Engine\Actor\WorldTileMapActor.h">
      <Filter>Sources\Engine\Actor</Filter>
    </ClInclude>
    <ClInclude Include="Sources\Engine\Component\RenderComponent\RenderComponent.h">
      <Filter>Sources\Engine\Component\RenderComponent</Filter>
    </ClInclude>
    <ClInclude Include="Sources\Engine\Component\RenderComponent\DynamicSpriteComponent.h">
      <Filter>Sources\Engine\Component\RenderComponent</Filter>
    </ClInclude>
    <ClInclude Include="Sources\Engine\Component\RenderComponent\StaticSpriteComponent.h">
      <Filter>Sources\Engine\Component\RenderComponent</Filter>
    </ClInclude>
    <ClInclude Include="Sources\Engine\Component\RenderComponent\RectangleShapeComponent.h">
      <Filter>Sources\Engine\Component\RenderComponent</Filter>
    </ClInclude>
    <ClInclude Include="Sources\Engine\Actor\WorldTileActor.h">
      <Filter>Sources\Engine\Actor</Filter>
    </ClInclude>
    <ClInclude Include="Sources\Engine\Actor\CameraActor.h">
      <Filter>Sources\Engine\Actor</Filter>
    </ClInclude>
    <ClInclude Include="Sources\Engine\Global\Enums.h">
      <Filter>Sources\Engine\Global</Filter>
    </ClInclude>
    <ClInclude Include="Sources\Engine\File\FileEnums.h">
      <Filter>Sources\Engine\File</Filter>
    </ClInclude>
    <ClInclude Include="Sources\Engine\Delegator\Delegator.hpp">
      <Filter>Sources\Engine\Delegator</Filter>
    </ClInclude>
    <ClInclude Include="Sources\Engine\Scene\SceneEnums.h">
      <Filter>Sources\Engine\Scene</Filter>
    </ClInclude>
    <ClInclude Include="Sources\Engine\Input\InputEnums.h">
      <Filter>Sources\Engine\Input</Filter>
    </ClInclude>
    <ClInclude Include="Sources\Engine\Input\InputMacros.h">
      <Filter>Sources\Engine\Input</Filter>
    </ClInclude>
    <ClInclude Include="Sources\Engine\Input\InputStructs.h">
      <Filter>Sources\Engine\Input</Filter>
    </ClInclude>
    <ClInclude Include="Sources\Engine\Input\InputActionValue.h">
      <Filter>Sources\Engine\Input</Filter>
    </ClInclude>
    <ClInclude Include="Sources\Engine\Input\InputAction.h">
      <Filter>Sources\Engine\Input</Filter>
    </ClInclude>
    <ClInclude Include="Sources\Engine\Input\InputDataTypes.h">
      <Filter>Sources\Engine\Input</Filter>
    </ClInclude>
    <ClInclude Include="Sources\Engine\Input\InputMappingContext.h">
      <Filter>Sources\Engine\Input</Filter>
    </ClInclude>
    <ClInclude Include="Sources\Engine\Math\MathUtility.h">
      <Filter>Sources\Engine\Math</Filter>
    </ClInclude>
    <ClInclude Include="Sources\Engine\Input\InputDeviceManager.h">
      <Filter>Sources\Engine\Input</Filter>
    </ClInclude>
    <ClInclude Include="Sources\Engine\Input\KeyboardDevice.h">
      <Filter>Sources\Engine\Input</Filter>
    </ClInclude>
    <ClInclude Include="Sources\Engine\Input\MouseDevice.h">
      <Filter>Sources\Engine\Input</Filter>
    </ClInclude>
    <ClInclude Include="Sources\Engine\LocalPlayer\LocalPlayerInputSystem.h">
      <Filter>Sources\Engine\LocalPlayer</Filter>
    </ClInclude>
    <ClInclude Include="Sources\Engine\SpecialContainer\SortVector.hpp">
      <Filter>Sources\Engine\SpecialContainer</Filter>
    </ClInclude>
    <ClInclude Include="Sources\Client\Scene\EditScene.h">
      <Filter>Sources\Client\Scene</Filter>
    </ClInclude>
    <ClInclude Include="Sources\Engine\Component\EditorActorMoveComponent.h">
      <Filter>Sources\Engine\Component</Filter>
    </ClInclude>
    <ClInclude Include="Sources\Client\Editor\EditorActor.h">
      <Filter>Sources\Client\Editor</Filter>
    </ClInclude>
  </ItemGroup>
</Project>