<?xml version="1.0" encoding="utf-8"?>
<Project ToolsVersion="4.0" xmlns="http://schemas.microsoft.com/developer/msbuild/2003">
  <ItemGroup>
    <Filter Include="Sources">
      <UniqueIdentifier>{4FC737F1-C7A5-4376-A066-2A32D752A2FF}</UniqueIdentifier>
      <Extensions>cpp;c;cc;cxx;c++;cppm;ixx;def;odl;idl;hpj;bat;asm;asmx</Extensions>
    </Filter>
    <Filter Include="Sources\ClientSources">
      <UniqueIdentifier>{130b339c-8e32-47d2-bc88-2ead70cfdc13}</UniqueIdentifier>
    </Filter>
    <Filter Include="Sources\EngineSources">
      <UniqueIdentifier>{4d6ddc3e-b743-4037-8d0f-fd7705717287}</UniqueIdentifier>
    </Filter>
    <Filter Include="Sources\ClientSources\Global">
      <UniqueIdentifier>{8cb2426a-1af7-4dd7-b24d-ebf55af20ac1}</UniqueIdentifier>
    </Filter>
    <Filter Include="Sources\ClientSources\GameApplication">
      <UniqueIdentifier>{8197e689-7313-4eeb-8af7-e095c92748aa}</UniqueIdentifier>
    </Filter>
    <Filter Include="Sources\EngineSources\Log">
      <UniqueIdentifier>{99bc8c6f-f47d-4543-b799-51d8c6e9202b}</UniqueIdentifier>
    </Filter>
    <Filter Include="Sources\Pch">
      <UniqueIdentifier>{6e2c879c-f2b4-47b2-9b9c-574293a12c6c}</UniqueIdentifier>
    </Filter>
    <Filter Include="Sources\EngineSources\Time">
      <UniqueIdentifier>{dbfed1c8-88c6-4090-82d1-34263eeaa5ba}</UniqueIdentifier>
    </Filter>
    <Filter Include="Sources\EngineSources\Log\Logger">
      <UniqueIdentifier>{6ae2246b-9c3e-401a-af8e-6c0b159c95a0}</UniqueIdentifier>
    </Filter>
    <Filter Include="Sources\EngineSources\File">
      <UniqueIdentifier>{bffa6b39-ba82-448b-8444-ae962892af9b}</UniqueIdentifier>
    </Filter>
    <Filter Include="Sources\EngineSources\UtilityClass">
      <UniqueIdentifier>{b1151907-f4d8-44a8-b230-bee2e1d2ac1a}</UniqueIdentifier>
    </Filter>
    <Filter Include="Sources\EngineSources\ErrorHandler">
      <UniqueIdentifier>{3b912977-534b-44a7-b98f-05f6ed9d698f}</UniqueIdentifier>
    </Filter>
    <Filter Include="Sources\EngineSources\String">
      <UniqueIdentifier>{48a7a7e1-3579-4349-bd88-4b41ead33aad}</UniqueIdentifier>
    </Filter>
    <Filter Include="Sources\EngineSources\GameFrame">
      <UniqueIdentifier>{6b0cd3d5-00a7-4731-8721-985e6c673bf3}</UniqueIdentifier>
    </Filter>
    <Filter Include="Sources\EngineSources\Component">
      <UniqueIdentifier>{ac26ec12-a99d-4213-a654-eabf28d05fbf}</UniqueIdentifier>
    </Filter>
    <Filter Include="Sources\EngineSources\Actor">
      <UniqueIdentifier>{e186d84d-3ec6-44d6-9f36-2279c06dfd4b}</UniqueIdentifier>
    </Filter>
    <Filter Include="Sources\EngineSources\Scene">
      <UniqueIdentifier>{813b741f-1add-4f1a-b4c2-addecfb6eaa3}</UniqueIdentifier>
    </Filter>
    <Filter Include="Sources\EngineSources\Event">
      <UniqueIdentifier>{aa1cc32e-b10c-485f-9ed3-0722f4a7a87d}</UniqueIdentifier>
    </Filter>
    <Filter Include="Sources\EngineSources\Resource">
      <UniqueIdentifier>{5ebe628d-fc5b-4377-bcd9-c2a74c4223da}</UniqueIdentifier>
    </Filter>
    <Filter Include="Sources\EngineSources\Resource\Texture">
      <UniqueIdentifier>{a5e2bcb7-035d-4897-95d5-12323546a355}</UniqueIdentifier>
    </Filter>
    <Filter Include="Sources\EngineSources\Resource\Sprite">
      <UniqueIdentifier>{af95e7f1-3e3e-448c-bd6c-1b18d657ea37}</UniqueIdentifier>
    </Filter>
    <Filter Include="Sources\ClientSources\Scene">
      <UniqueIdentifier>{00dbde32-bb6d-4a7b-90ee-6537b6b5ef52}</UniqueIdentifier>
    </Filter>
    <Filter Include="Sources\ClientSources\Player">
      <UniqueIdentifier>{77939aea-34c1-4198-8112-ee48230c677b}</UniqueIdentifier>
    </Filter>
    <Filter Include="Sources\EngineSources\Math">
      <UniqueIdentifier>{7f95ae2f-97c2-4f96-8b13-84aa2be20837}</UniqueIdentifier>
    </Filter>
    <Filter Include="Sources\ClientSources\World">
      <UniqueIdentifier>{7a0b3a64-7419-49d7-94a3-effcfb149e42}</UniqueIdentifier>
    </Filter>
    <Filter Include="Sources\EngineSources\World">
      <UniqueIdentifier>{f5c666c8-dcd5-45be-a67b-1efbc75d4ef1}</UniqueIdentifier>
    </Filter>
    <Filter Include="Sources\EngineSources\Component\RenderComponent">
      <UniqueIdentifier>{f73d2166-93b4-4158-9b04-741112adc0ea}</UniqueIdentifier>
    </Filter>
    <Filter Include="Sources\EngineSources\Delegator">
      <UniqueIdentifier>{82f1cbd7-02b5-400a-a64f-81c6d617503d}</UniqueIdentifier>
    </Filter>
    <Filter Include="Sources\EngineSources\Input">
      <UniqueIdentifier>{f850573d-630d-4691-8732-4e113b44b1c3}</UniqueIdentifier>
    </Filter>
    <Filter Include="Sources\EngineSources\LocalPlayer">
      <UniqueIdentifier>{6dbfd939-2431-4519-bab0-e8190a4ff4bc}</UniqueIdentifier>
    </Filter>
    <Filter Include="Sources\EngineSources\SpecialContainer">
      <UniqueIdentifier>{136db556-cd78-4713-8476-904d080809c6}</UniqueIdentifier>
    </Filter>
    <Filter Include="Sources\ClientSources\Editor">
      <UniqueIdentifier>{a9473c3c-7072-447c-8615-deed306b60cd}</UniqueIdentifier>
    </Filter>
    <Filter Include="Sources\EngineSources\Actor\EffectActor">
      <UniqueIdentifier>{66038f97-ccd5-4c54-a60d-6329d43da8b2}</UniqueIdentifier>
    </Filter>
    <Filter Include="Sources\EngineSources\Resource\Effect">
      <UniqueIdentifier>{68cd27b8-05ab-479e-8fec-94ed58b13f8a}</UniqueIdentifier>
    </Filter>
    <Filter Include="Sources\ClientSources\EnemyRespawner">
      <UniqueIdentifier>{67536825-0764-4ae2-8348-df8d940fbfe2}</UniqueIdentifier>
    </Filter>
    <Filter Include="Sources\EngineSources\Component\EffectComponent">
      <UniqueIdentifier>{da40d7ba-221f-4cc0-8565-2b9f149c283f}</UniqueIdentifier>
    </Filter>
    <Filter Include="Sources\ClientSources\Weapon">
      <UniqueIdentifier>{4a5f34f4-83d8-4f48-86df-f0f0aa98443f}</UniqueIdentifier>
    </Filter>
    <Filter Include="Sources\ClientSources\Weapon\WeaponComponent">
      <UniqueIdentifier>{6dac4a8b-db17-44dd-a6fd-3b80db25731c}</UniqueIdentifier>
    </Filter>
    <Filter Include="Sources\ClientSources\EnemyMonster">
      <UniqueIdentifier>{7e412397-20dc-4daf-b12b-e766d3fa8d4c}</UniqueIdentifier>
    </Filter>
    <Filter Include="Sources\ClientSources\EnemyMonster\EnemyMonsterState">
      <UniqueIdentifier>{380203db-0d47-431a-b3d2-a0223198f2a8}</UniqueIdentifier>
    </Filter>
    <Filter Include="Sources\ClientSources\EnemyMonster\EnemyMonsterActor">
      <UniqueIdentifier>{d77314b5-0b28-485d-9396-69b44447e5fd}</UniqueIdentifier>
    </Filter>
    <Filter Include="Sources\ClientSources\EnemyMonster\EnemyMonsterComponent">
      <UniqueIdentifier>{3596df10-f942-4dab-9c66-275e755fdded}</UniqueIdentifier>
    </Filter>
    <Filter Include="Sources\EngineSources\Actor\PawnActor">
      <UniqueIdentifier>{8c257be7-2e2c-43cd-87c7-2a4168f3a372}</UniqueIdentifier>
    </Filter>
    <Filter Include="Sources\ClientSources\Weapon\Projectile">
      <UniqueIdentifier>{e8c62bff-45dc-4cd2-af81-f847431b149b}</UniqueIdentifier>
    </Filter>
    <Filter Include="Sources\ClientSources\Network">
      <UniqueIdentifier>{72d77fb7-c5a3-4807-9a7c-58b5e61e924f}</UniqueIdentifier>
    </Filter>
    <Filter Include="Sources\ClientSources\Network\Protobuf">
      <UniqueIdentifier>{e392d897-8fd1-430e-b205-0b231b694069}</UniqueIdentifier>
    </Filter>
    <Filter Include="Sources\ClientSources\Network\Session">
      <UniqueIdentifier>{6d0c78ca-63ac-40c3-a60c-53ab14b62fdd}</UniqueIdentifier>
    </Filter>
    <Filter Include="Sources\ClientSources\Network\Packet">
      <UniqueIdentifier>{1e3b0d41-8043-4984-b7ea-4d045beeaaf6}</UniqueIdentifier>
    </Filter>
  </ItemGroup>
  <ItemGroup>
    <ClCompile Include="Sources\ClientSources\GameApplication\GameApplication.cpp">
      <Filter>Sources\ClientSources\GameApplication</Filter>
    </ClCompile>
    <ClCompile Include="Sources\ClientSources\GameApplication\WindowProcedure.cpp">
      <Filter>Sources\ClientSources\GameApplication</Filter>
    </ClCompile>
    <ClCompile Include="Sources\EngineSources\Log\LogCategory.cpp">
      <Filter>Sources\EngineSources\Log</Filter>
    </ClCompile>
    <ClCompile Include="Sources\EngineSources\Log\LogSystem.cpp">
      <Filter>Sources\EngineSources\Log</Filter>
    </ClCompile>
    <ClCompile Include="Sources\Pch\Pch.cpp">
      <Filter>Sources\Pch</Filter>
    </ClCompile>
    <ClCompile Include="Sources\EngineSources\Time\TimeUtility.cpp">
      <Filter>Sources\EngineSources\Time</Filter>
    </ClCompile>
    <ClCompile Include="Sources\EngineSources\Log\Logger\FileLogger.cpp">
      <Filter>Sources\EngineSources\Log\Logger</Filter>
    </ClCompile>
    <ClCompile Include="Sources\EngineSources\Log\Logger\PopUpLogger.cpp">
      <Filter>Sources\EngineSources\Log\Logger</Filter>
    </ClCompile>
    <ClCompile Include="Sources\EngineSources\Log\Logger\TraceLogger.cpp">
      <Filter>Sources\EngineSources\Log\Logger</Filter>
    </ClCompile>
    <ClCompile Include="Sources\EngineSources\File\FileStream.cpp">
      <Filter>Sources\EngineSources\File</Filter>
    </ClCompile>
    <ClCompile Include="Sources\EngineSources\File\PathManager.cpp">
      <Filter>Sources\EngineSources\File</Filter>
    </ClCompile>
    <ClCompile Include="Sources\EngineSources\ErrorHandler\ErrorHandler.cpp">
      <Filter>Sources\EngineSources\ErrorHandler</Filter>
    </ClCompile>
    <ClCompile Include="Sources\EngineSources\Time\Timer.cpp">
      <Filter>Sources\EngineSources\Time</Filter>
    </ClCompile>
    <ClCompile Include="Sources\EngineSources\Time\TimerManager.cpp">
      <Filter>Sources\EngineSources\Time</Filter>
    </ClCompile>
    <ClCompile Include="Sources\EngineSources\GameFrame\GameFrameHandler.cpp">
      <Filter>Sources\EngineSources\GameFrame</Filter>
    </ClCompile>
    <ClCompile Include="Sources\EngineSources\Component\Component.cpp">
      <Filter>Sources\EngineSources\Component</Filter>
    </ClCompile>
    <ClCompile Include="Sources\EngineSources\Component\TransformComponent.cpp">
      <Filter>Sources\EngineSources\Component</Filter>
    </ClCompile>
    <ClCompile Include="Sources\EngineSources\Actor\Actor.cpp">
      <Filter>Sources\EngineSources\Actor</Filter>
    </ClCompile>
    <ClCompile Include="Sources\EngineSources\Scene\Scene.cpp">
      <Filter>Sources\EngineSources\Scene</Filter>
    </ClCompile>
    <ClCompile Include="Sources\EngineSources\Scene\SceneTracer.cpp">
      <Filter>Sources\EngineSources\Scene</Filter>
    </ClCompile>
    <ClCompile Include="Sources\EngineSources\Scene\SceneRenderer.cpp">
      <Filter>Sources\EngineSources\Scene</Filter>
    </ClCompile>
    <ClCompile Include="Sources\EngineSources\Scene\SceneManager.cpp">
      <Filter>Sources\EngineSources\Scene</Filter>
    </ClCompile>
    <ClCompile Include="Sources\EngineSources\Resource\PersistantResource.cpp">
      <Filter>Sources\EngineSources\Resource</Filter>
    </ClCompile>
    <ClCompile Include="Sources\EngineSources\Resource\ResourceMananger.cpp">
      <Filter>Sources\EngineSources\Resource</Filter>
    </ClCompile>
    <ClCompile Include="Sources\EngineSources\Resource\ResourceStorage.cpp">
      <Filter>Sources\EngineSources\Resource</Filter>
    </ClCompile>
    <ClCompile Include="Sources\EngineSources\Resource\Texture\Texture.cpp">
      <Filter>Sources\EngineSources\Resource\Texture</Filter>
    </ClCompile>
    <ClCompile Include="Sources\EngineSources\Log\LogCategoryList.cpp">
      <Filter>Sources\EngineSources\Log</Filter>
    </ClCompile>
    <ClCompile Include="Sources\EngineSources\Resource\Sprite\DynamicSprite.cpp">
      <Filter>Sources\EngineSources\Resource\Sprite</Filter>
    </ClCompile>
    <ClCompile Include="Sources\EngineSources\Resource\Sprite\StaticSprite.cpp">
      <Filter>Sources\EngineSources\Resource\Sprite</Filter>
    </ClCompile>
    <ClCompile Include="Sources\EngineSources\Resource\Sprite\SpriteBase.cpp">
      <Filter>Sources\EngineSources\Resource\Sprite</Filter>
    </ClCompile>
    <ClCompile Include="Sources\EngineSources\Actor\CellActor.cpp">
      <Filter>Sources\EngineSources\Actor</Filter>
    </ClCompile>
    <ClCompile Include="Sources\ClientSources\Scene\GameScene.cpp">
      <Filter>Sources\ClientSources\Scene</Filter>
    </ClCompile>
    <ClCompile Include="Sources\EngineSources\Component\CellActorMoveComponent.cpp">
      <Filter>Sources\EngineSources\Component</Filter>
    </ClCompile>
    <ClCompile Include="Sources\EngineSources\Component\CameraComponent.cpp">
      <Filter>Sources\EngineSources\Component</Filter>
    </ClCompile>
    <ClCompile Include="Sources\EngineSources\Math\Size.cpp">
      <Filter>Sources\EngineSources\Math</Filter>
    </ClCompile>
    <ClCompile Include="Sources\ClientSources\World\WorldBackgroundActor.cpp">
      <Filter>Sources\ClientSources\World</Filter>
    </ClCompile>
    <ClCompile Include="Sources\EngineSources\World\WorldContext.cpp">
      <Filter>Sources\EngineSources\World</Filter>
    </ClCompile>
    <ClCompile Include="Sources\EngineSources\Actor\WorldTileMapActor.cpp">
      <Filter>Sources\EngineSources\Actor</Filter>
    </ClCompile>
    <ClCompile Include="Sources\EngineSources\Component\RenderComponent\RenderComponent.cpp">
      <Filter>Sources\EngineSources\Component\RenderComponent</Filter>
    </ClCompile>
    <ClCompile Include="Sources\EngineSources\Component\RenderComponent\DynamicSpriteComponent.cpp">
      <Filter>Sources\EngineSources\Component\RenderComponent</Filter>
    </ClCompile>
    <ClCompile Include="Sources\EngineSources\Component\RenderComponent\StaticSpriteComponent.cpp">
      <Filter>Sources\EngineSources\Component\RenderComponent</Filter>
    </ClCompile>
    <ClCompile Include="Sources\EngineSources\Component\RenderComponent\RectangleShapeComponent.cpp">
      <Filter>Sources\EngineSources\Component\RenderComponent</Filter>
    </ClCompile>
    <ClCompile Include="Sources\EngineSources\Actor\WorldTileActor.cpp">
      <Filter>Sources\EngineSources\Actor</Filter>
    </ClCompile>
    <ClCompile Include="Sources\EngineSources\Actor\CameraActor.cpp">
      <Filter>Sources\EngineSources\Actor</Filter>
    </ClCompile>
    <ClCompile Include="Sources\EngineSources\Input\InputActionValue.cpp">
      <Filter>Sources\EngineSources\Input</Filter>
    </ClCompile>
    <ClCompile Include="Sources\EngineSources\Input\InputAction.cpp">
      <Filter>Sources\EngineSources\Input</Filter>
    </ClCompile>
    <ClCompile Include="Sources\EngineSources\Input\InputMappingContext.cpp">
      <Filter>Sources\EngineSources\Input</Filter>
    </ClCompile>
    <ClCompile Include="Sources\EngineSources\Input\InputDeviceManager.cpp">
      <Filter>Sources\EngineSources\Input</Filter>
    </ClCompile>
    <ClCompile Include="Sources\EngineSources\Input\KeyboardDevice.cpp">
      <Filter>Sources\EngineSources\Input</Filter>
    </ClCompile>
    <ClCompile Include="Sources\EngineSources\Input\MouseDevice.cpp">
      <Filter>Sources\EngineSources\Input</Filter>
    </ClCompile>
    <ClCompile Include="Sources\EngineSources\LocalPlayer\LocalPlayerInputSystem.cpp">
      <Filter>Sources\EngineSources\LocalPlayer</Filter>
    </ClCompile>
    <ClCompile Include="Sources\ClientSources\Scene\EditScene.cpp">
      <Filter>Sources\ClientSources\Scene</Filter>
    </ClCompile>
    <ClCompile Include="Sources\EngineSources\Component\EditorActorMoveComponent.cpp">
      <Filter>Sources\EngineSources\Component</Filter>
    </ClCompile>
    <ClCompile Include="Sources\ClientSources\Editor\EditorActor.cpp">
      <Filter>Sources\ClientSources\Editor</Filter>
    </ClCompile>
    <ClCompile Include="Sources\EngineSources\Actor\EffectActor\EffectActor.cpp">
      <Filter>Sources\EngineSources\Actor\EffectActor</Filter>
    </ClCompile>
    <ClCompile Include="Sources\EngineSources\Resource\Effect\Effect.cpp">
      <Filter>Sources\EngineSources\Resource\Effect</Filter>
    </ClCompile>
    <ClCompile Include="Sources\ClientSources\EnemyRespawner\EnemyRespawner.cpp">
      <Filter>Sources\ClientSources\EnemyRespawner</Filter>
    </ClCompile>
    <ClCompile Include="Sources\EngineSources\Component\EffectComponent\FollowerEffectComponent.cpp">
      <Filter>Sources\EngineSources\Component\EffectComponent</Filter>
    </ClCompile>
    <ClCompile Include="Sources\EngineSources\Component\EffectComponent\LifeTimeEffectComponent.cpp">
      <Filter>Sources\EngineSources\Component\EffectComponent</Filter>
    </ClCompile>
    <ClCompile Include="Sources\ClientSources\Scene\WorldTileMapScene.cpp">
      <Filter>Sources\ClientSources\Scene</Filter>
    </ClCompile>
    <ClCompile Include="Sources\EngineSources\Math\Vector2d.cpp">
      <Filter>Sources\EngineSources\Math</Filter>
    </ClCompile>
    <ClCompile Include="Sources\ClientSources\Weapon\WeaponActor.cpp">
      <Filter>Sources\ClientSources\Weapon</Filter>
    </ClCompile>
    <ClCompile Include="Sources\ClientSources\Weapon\WeaponFactory.cpp">
      <Filter>Sources\ClientSources\Weapon</Filter>
    </ClCompile>
    <ClCompile Include="Sources\ClientSources\Player\PlayerState.cpp">
      <Filter>Sources\ClientSources\Player</Filter>
    </ClCompile>
    <ClCompile Include="Sources\ClientSources\Weapon\WeaponComponent\WeaponSequenceAttackComponent.cpp">
      <Filter>Sources\ClientSources\Weapon\WeaponComponent</Filter>
    </ClCompile>
    <ClCompile Include="Sources\ClientSources\EnemyMonster\EnemyMonsterState\EnemyMonsterState.cpp">
      <Filter>Sources\ClientSources\EnemyMonster\EnemyMonsterState</Filter>
    </ClCompile>
    <ClCompile Include="Sources\ClientSources\EnemyMonster\EnemyMonsterActor\EnemyMonsterActor.cpp">
      <Filter>Sources\ClientSources\EnemyMonster\EnemyMonsterActor</Filter>
    </ClCompile>
    <ClCompile Include="Sources\ClientSources\EnemyMonster\EnemyMonsterActor\SnakeActor.cpp">
      <Filter>Sources\ClientSources\EnemyMonster\EnemyMonsterActor</Filter>
    </ClCompile>
    <ClCompile Include="Sources\ClientSources\EnemyMonster\EnemyMonsterComponent\EnemyMonsterAttackComponent.cpp">
      <Filter>Sources\ClientSources\EnemyMonster\EnemyMonsterComponent</Filter>
    </ClCompile>
    <ClCompile Include="Sources\ClientSources\Player\PlayerActor.cpp">
      <Filter>Sources\ClientSources\Player</Filter>
    </ClCompile>
    <ClCompile Include="Sources\EngineSources\Actor\PawnActor\PawnActor.cpp">
      <Filter>Sources\EngineSources\Actor\PawnActor</Filter>
    </ClCompile>
    <ClCompile Include="Sources\EngineSources\Actor\PawnActor\PawnActorState.cpp">
      <Filter>Sources\EngineSources\Actor\PawnActor</Filter>
    </ClCompile>
    <ClCompile Include="Sources\ClientSources\Weapon\Projectile\ProjectileActor.cpp">
      <Filter>Sources\ClientSources\Weapon\Projectile</Filter>
    </ClCompile>
    <ClCompile Include="Sources\ClientSources\Weapon\Projectile\ProjectileAttackComponent.cpp">
      <Filter>Sources\ClientSources\Weapon\Projectile</Filter>
    </ClCompile>
    <ClCompile Include="Sources\ClientMain.cpp">
      <Filter>Sources</Filter>
    </ClCompile>
    <ClCompile Include="Sources\ClientSources\Network\Protobuf\Enum.pb.cc">
      <Filter>Sources\ClientSources\Network\Protobuf</Filter>
    </ClCompile>
    <ClCompile Include="Sources\ClientSources\Network\Protobuf\Struct.pb.cc">
      <Filter>Sources\ClientSources\Network\Protobuf</Filter>
    </ClCompile>
    <ClCompile Include="Sources\ClientSources\Network\NetworkManager.cpp">
      <Filter>Sources\ClientSources\Network</Filter>
    </ClCompile>
    <ClCompile Include="Sources\ClientSources\Network\Session\ServerSession.cpp">
      <Filter>Sources\ClientSources\Network\Session</Filter>
    </ClCompile>
    <ClCompile Include="Sources\ClientSources\Network\Packet\ClientPacketHandler.cpp">
      <Filter>Sources\ClientSources\Network\Packet</Filter>
    </ClCompile>
    <ClCompile Include="Sources\ClientSources\Network\Protobuf\Packet.pb.cc">
      <Filter>Sources\ClientSources\Network\Protobuf</Filter>
    </ClCompile>
    <ClCompile Include="Sources\ClientSources\Network\Protobuf\ProtocolId.pb.cc">
      <Filter>Sources\ClientSources\Network\Protobuf</Filter>
    </ClCompile>
  </ItemGroup>
  <ItemGroup>
    <ClInclude Include="Sources\ClientSources\GameApplication\GameApplication.h">
      <Filter>Sources\ClientSources\GameApplication</Filter>
    </ClInclude>
    <ClInclude Include="Sources\ClientSources\GameApplication\WindowProcedure.h">
      <Filter>Sources\ClientSources\GameApplication</Filter>
    </ClInclude>
    <ClInclude Include="Sources\EngineSources\Log\LogCategory.h">
      <Filter>Sources\EngineSources\Log</Filter>
    </ClInclude>
    <ClInclude Include="Sources\EngineSources\Log\LogEnums.h">
      <Filter>Sources\EngineSources\Log</Filter>
    </ClInclude>
    <ClInclude Include="Sources\EngineSources\Log\LogInclusion.h">
      <Filter>Sources\EngineSources\Log</Filter>
    </ClInclude>
    <ClInclude Include="Sources\EngineSources\Log\LogMacro.h">
      <Filter>Sources\EngineSources\Log</Filter>
    </ClInclude>
    <ClInclude Include="Sources\EngineSources\Log\LogSystem.h">
      <Filter>Sources\EngineSources\Log</Filter>
    </ClInclude>
    <ClInclude Include="Sources\Pch\Pch.h">
      <Filter>Sources\Pch</Filter>
    </ClInclude>
    <ClInclude Include="Sources\EngineSources\Time\TimeUtility.h">
      <Filter>Sources\EngineSources\Time</Filter>
    </ClInclude>
    <ClInclude Include="Sources\EngineSources\Log\Logger\FileLogger.h">
      <Filter>Sources\EngineSources\Log\Logger</Filter>
    </ClInclude>
    <ClInclude Include="Sources\EngineSources\Log\Logger\PopUpLogger.h">
      <Filter>Sources\EngineSources\Log\Logger</Filter>
    </ClInclude>
    <ClInclude Include="Sources\EngineSources\Log\Logger\TraceLogger.h">
      <Filter>Sources\EngineSources\Log\Logger</Filter>
    </ClInclude>
    <ClInclude Include="Sources\EngineSources\Log\Logger\ILogger.h">
      <Filter>Sources\EngineSources\Log\Logger</Filter>
    </ClInclude>
    <ClInclude Include="Sources\EngineSources\File\FileStream.h">
      <Filter>Sources\EngineSources\File</Filter>
    </ClInclude>
    <ClInclude Include="Sources\EngineSources\File\PathManager.h">
      <Filter>Sources\EngineSources\File</Filter>
    </ClInclude>
    <ClInclude Include="Sources\EngineSources\UtilityClass\EnumBitset.hpp">
      <Filter>Sources\EngineSources\UtilityClass</Filter>
    </ClInclude>
    <ClInclude Include="Sources\EngineSources\ErrorHandler\ErrorEnums.h">
      <Filter>Sources\EngineSources\ErrorHandler</Filter>
    </ClInclude>
    <ClInclude Include="Sources\EngineSources\ErrorHandler\ErrorHandler.h">
      <Filter>Sources\EngineSources\ErrorHandler</Filter>
    </ClInclude>
    <ClInclude Include="Sources\EngineSources\String\StringUtility.hpp">
      <Filter>Sources\EngineSources\String</Filter>
    </ClInclude>
    <ClInclude Include="Sources\EngineSources\Time\Timer.h">
      <Filter>Sources\EngineSources\Time</Filter>
    </ClInclude>
    <ClInclude Include="Sources\EngineSources\Time\TimerManager.h">
      <Filter>Sources\EngineSources\Time</Filter>
    </ClInclude>
    <ClInclude Include="Sources\EngineSources\GameFrame\GameFrameHandler.h">
      <Filter>Sources\EngineSources\GameFrame</Filter>
    </ClInclude>
    <ClInclude Include="Sources\EngineSources\Component\Component.h">
      <Filter>Sources\EngineSources\Component</Filter>
    </ClInclude>
    <ClInclude Include="Sources\EngineSources\Component\TransformComponent.h">
      <Filter>Sources\EngineSources\Component</Filter>
    </ClInclude>
    <ClInclude Include="Sources\EngineSources\Actor\Actor.h">
      <Filter>Sources\EngineSources\Actor</Filter>
    </ClInclude>
    <ClInclude Include="Sources\EngineSources\Scene\Scene.h">
      <Filter>Sources\EngineSources\Scene</Filter>
    </ClInclude>
    <ClInclude Include="Sources\EngineSources\Scene\SceneTracer.h">
      <Filter>Sources\EngineSources\Scene</Filter>
    </ClInclude>
    <ClInclude Include="Sources\EngineSources\Actor\ActorEnums.h">
      <Filter>Sources\EngineSources\Actor</Filter>
    </ClInclude>
    <ClInclude Include="Sources\EngineSources\Scene\SceneRenderer.h">
      <Filter>Sources\EngineSources\Scene</Filter>
    </ClInclude>
    <ClInclude Include="Sources\EngineSources\Event\Event.hpp">
      <Filter>Sources\EngineSources\Event</Filter>
    </ClInclude>
    <ClInclude Include="Sources\EngineSources\Scene\SceneManager.h">
      <Filter>Sources\EngineSources\Scene</Filter>
    </ClInclude>
    <ClInclude Include="Sources\EngineSources\Resource\PersistantResource.h">
      <Filter>Sources\EngineSources\Resource</Filter>
    </ClInclude>
    <ClInclude Include="Sources\EngineSources\Resource\ResourceMananger.h">
      <Filter>Sources\EngineSources\Resource</Filter>
    </ClInclude>
    <ClInclude Include="Sources\EngineSources\Resource\ResourceStorage.h">
      <Filter>Sources\EngineSources\Resource</Filter>
    </ClInclude>
    <ClInclude Include="Sources\EngineSources\Resource\Texture\Texture.h">
      <Filter>Sources\EngineSources\Resource\Texture</Filter>
    </ClInclude>
    <ClInclude Include="Sources\EngineSources\Log\LogCategoryList.h">
      <Filter>Sources\EngineSources\Log</Filter>
    </ClInclude>
    <ClInclude Include="Sources\EngineSources\Resource\Sprite\DynamicSprite.h">
      <Filter>Sources\EngineSources\Resource\Sprite</Filter>
    </ClInclude>
    <ClInclude Include="Sources\EngineSources\Resource\Sprite\StaticSprite.h">
      <Filter>Sources\EngineSources\Resource\Sprite</Filter>
    </ClInclude>
    <ClInclude Include="Sources\EngineSources\Resource\Sprite\SpriteBase.h">
      <Filter>Sources\EngineSources\Resource\Sprite</Filter>
    </ClInclude>
    <ClInclude Include="Sources\EngineSources\Actor\CellActor.h">
      <Filter>Sources\EngineSources\Actor</Filter>
    </ClInclude>
    <ClInclude Include="Sources\ClientSources\Scene\GameScene.h">
      <Filter>Sources\ClientSources\Scene</Filter>
    </ClInclude>
    <ClInclude Include="Sources\EngineSources\Component\CellActorMoveComponent.h">
      <Filter>Sources\EngineSources\Component</Filter>
    </ClInclude>
    <ClInclude Include="Sources\ClientSources\Player\PlayerActor.h">
      <Filter>Sources\ClientSources\Player</Filter>
    </ClInclude>
    <ClInclude Include="Sources\ClientSources\Global\Inclusion.h">
      <Filter>Sources\ClientSources\Global</Filter>
    </ClInclude>
    <ClInclude Include="Sources\EngineSources\Component\CameraComponent.h">
      <Filter>Sources\EngineSources\Component</Filter>
    </ClInclude>
    <ClInclude Include="Sources\EngineSources\Math\Size.h">
      <Filter>Sources\EngineSources\Math</Filter>
    </ClInclude>
    <ClInclude Include="Sources\ClientSources\World\WorldBackgroundActor.h">
      <Filter>Sources\ClientSources\World</Filter>
    </ClInclude>
    <ClInclude Include="Sources\EngineSources\World\WorldContext.h">
      <Filter>Sources\EngineSources\World</Filter>
    </ClInclude>
    <ClInclude Include="Sources\EngineSources\Actor\WorldTileMapActor.h">
      <Filter>Sources\EngineSources\Actor</Filter>
    </ClInclude>
    <ClInclude Include="Sources\EngineSources\Component\RenderComponent\RenderComponent.h">
      <Filter>Sources\EngineSources\Component\RenderComponent</Filter>
    </ClInclude>
    <ClInclude Include="Sources\EngineSources\Component\RenderComponent\DynamicSpriteComponent.h">
      <Filter>Sources\EngineSources\Component\RenderComponent</Filter>
    </ClInclude>
    <ClInclude Include="Sources\EngineSources\Component\RenderComponent\StaticSpriteComponent.h">
      <Filter>Sources\EngineSources\Component\RenderComponent</Filter>
    </ClInclude>
    <ClInclude Include="Sources\EngineSources\Component\RenderComponent\RectangleShapeComponent.h">
      <Filter>Sources\EngineSources\Component\RenderComponent</Filter>
    </ClInclude>
    <ClInclude Include="Sources\EngineSources\Actor\WorldTileActor.h">
      <Filter>Sources\EngineSources\Actor</Filter>
    </ClInclude>
    <ClInclude Include="Sources\EngineSources\Actor\CameraActor.h">
      <Filter>Sources\EngineSources\Actor</Filter>
    </ClInclude>
    <ClInclude Include="Sources\EngineSources\File\FileEnums.h">
      <Filter>Sources\EngineSources\File</Filter>
    </ClInclude>
    <ClInclude Include="Sources\EngineSources\Delegator\Delegator.hpp">
      <Filter>Sources\EngineSources\Delegator</Filter>
    </ClInclude>
    <ClInclude Include="Sources\EngineSources\Scene\SceneEnums.h">
      <Filter>Sources\EngineSources\Scene</Filter>
    </ClInclude>
    <ClInclude Include="Sources\EngineSources\Input\InputEnums.h">
      <Filter>Sources\EngineSources\Input</Filter>
    </ClInclude>
    <ClInclude Include="Sources\EngineSources\Input\InputMacros.h">
      <Filter>Sources\EngineSources\Input</Filter>
    </ClInclude>
    <ClInclude Include="Sources\EngineSources\Input\InputStructs.h">
      <Filter>Sources\EngineSources\Input</Filter>
    </ClInclude>
    <ClInclude Include="Sources\EngineSources\Input\InputActionValue.h">
      <Filter>Sources\EngineSources\Input</Filter>
    </ClInclude>
    <ClInclude Include="Sources\EngineSources\Input\InputAction.h">
      <Filter>Sources\EngineSources\Input</Filter>
    </ClInclude>
    <ClInclude Include="Sources\EngineSources\Input\InputDataTypes.h">
      <Filter>Sources\EngineSources\Input</Filter>
    </ClInclude>
    <ClInclude Include="Sources\EngineSources\Input\InputMappingContext.h">
      <Filter>Sources\EngineSources\Input</Filter>
    </ClInclude>
    <ClInclude Include="Sources\EngineSources\Math\MathUtility.h">
      <Filter>Sources\EngineSources\Math</Filter>
    </ClInclude>
    <ClInclude Include="Sources\EngineSources\Input\InputDeviceManager.h">
      <Filter>Sources\EngineSources\Input</Filter>
    </ClInclude>
    <ClInclude Include="Sources\EngineSources\Input\KeyboardDevice.h">
      <Filter>Sources\EngineSources\Input</Filter>
    </ClInclude>
    <ClInclude Include="Sources\EngineSources\Input\MouseDevice.h">
      <Filter>Sources\EngineSources\Input</Filter>
    </ClInclude>
    <ClInclude Include="Sources\EngineSources\LocalPlayer\LocalPlayerInputSystem.h">
      <Filter>Sources\EngineSources\LocalPlayer</Filter>
    </ClInclude>
    <ClInclude Include="Sources\EngineSources\SpecialContainer\SortVector.hpp">
      <Filter>Sources\EngineSources\SpecialContainer</Filter>
    </ClInclude>
    <ClInclude Include="Sources\ClientSources\Scene\EditScene.h">
      <Filter>Sources\ClientSources\Scene</Filter>
    </ClInclude>
    <ClInclude Include="Sources\EngineSources\Component\EditorActorMoveComponent.h">
      <Filter>Sources\EngineSources\Component</Filter>
    </ClInclude>
    <ClInclude Include="Sources\ClientSources\Editor\EditorActor.h">
      <Filter>Sources\ClientSources\Editor</Filter>
    </ClInclude>
    <ClInclude Include="Sources\EngineSources\Actor\ActorDataTypes.h">
      <Filter>Sources\EngineSources\Actor</Filter>
    </ClInclude>
    <ClInclude Include="Sources\EngineSources\Actor\EffectActor\EffectActor.h">
      <Filter>Sources\EngineSources\Actor\EffectActor</Filter>
    </ClInclude>
    <ClInclude Include="Sources\EngineSources\Resource\Effect\Effect.h">
      <Filter>Sources\EngineSources\Resource\Effect</Filter>
    </ClInclude>
    <ClInclude Include="Sources\EngineSources\Resource\DerivedResourceStorage.h">
      <Filter>Sources\EngineSources\Resource</Filter>
    </ClInclude>
    <ClInclude Include="Sources\EngineSources\Resource\Effect\EffectStructs.h">
      <Filter>Sources\EngineSources\Resource\Effect</Filter>
    </ClInclude>
    <ClInclude Include="Sources\ClientSources\EnemyRespawner\EnemyRespawner.h">
      <Filter>Sources\ClientSources\EnemyRespawner</Filter>
    </ClInclude>
    <ClInclude Include="Sources\EngineSources\Component\EffectComponent\FollowerEffectComponent.h">
      <Filter>Sources\EngineSources\Component\EffectComponent</Filter>
    </ClInclude>
    <ClInclude Include="Sources\EngineSources\Component\EffectComponent\LifeTimeEffectComponent.h">
      <Filter>Sources\EngineSources\Component\EffectComponent</Filter>
    </ClInclude>
    <ClInclude Include="Sources\ClientSources\Scene\WorldTileMapScene.h">
      <Filter>Sources\ClientSources\Scene</Filter>
    </ClInclude>
    <ClInclude Include="Sources\EngineSources\Math\Vector2d.h">
      <Filter>Sources\EngineSources\Math</Filter>
    </ClInclude>
    <ClInclude Include="Sources\EngineSources\Math\Position2d.h">
      <Filter>Sources\EngineSources\Math</Filter>
    </ClInclude>
    <ClInclude Include="Sources\ClientSources\Weapon\WeaponActor.h">
      <Filter>Sources\ClientSources\Weapon</Filter>
    </ClInclude>
    <ClInclude Include="Sources\ClientSources\Weapon\WeaponFactory.h">
      <Filter>Sources\ClientSources\Weapon</Filter>
    </ClInclude>
    <ClInclude Include="Sources\ClientSources\Player\PlayerState.h">
      <Filter>Sources\ClientSources\Player</Filter>
    </ClInclude>
    <ClInclude Include="Sources\ClientSources\Weapon\WeaponComponent\WeaponSequenceAttackComponent.h">
      <Filter>Sources\ClientSources\Weapon\WeaponComponent</Filter>
    </ClInclude>
    <ClInclude Include="Sources\ClientSources\EnemyMonster\EnemyMonsterState\EnemyMonsterState.h">
      <Filter>Sources\ClientSources\EnemyMonster\EnemyMonsterState</Filter>
    </ClInclude>
    <ClInclude Include="Sources\ClientSources\EnemyMonster\EnemyMonsterActor\EnemyMonsterActor.h">
      <Filter>Sources\ClientSources\EnemyMonster\EnemyMonsterActor</Filter>
    </ClInclude>
    <ClInclude Include="Sources\ClientSources\EnemyMonster\EnemyMonsterActor\SnakeActor.h">
      <Filter>Sources\ClientSources\EnemyMonster\EnemyMonsterActor</Filter>
    </ClInclude>
    <ClInclude Include="Sources\ClientSources\EnemyMonster\EnemyMonsterComponent\EnemyMonsterAttackComponent.h">
      <Filter>Sources\ClientSources\EnemyMonster\EnemyMonsterComponent</Filter>
    </ClInclude>
    <ClInclude Include="Sources\ClientSources\Weapon\WeaponEnums.h">
      <Filter>Sources\ClientSources\Weapon</Filter>
    </ClInclude>
    <ClInclude Include="Sources\EngineSources\Actor\PawnActor\PawnActor.h">
      <Filter>Sources\EngineSources\Actor\PawnActor</Filter>
    </ClInclude>
    <ClInclude Include="Sources\EngineSources\Actor\PawnActor\PawnActorState.h">
      <Filter>Sources\EngineSources\Actor\PawnActor</Filter>
    </ClInclude>
    <ClInclude Include="Sources\ClientSources\Weapon\Projectile\ProjectileActor.h">
      <Filter>Sources\ClientSources\Weapon\Projectile</Filter>
    </ClInclude>
    <ClInclude Include="Sources\ClientSources\Weapon\Projectile\ProjectileStructs.h">
      <Filter>Sources\ClientSources\Weapon\Projectile</Filter>
    </ClInclude>
    <ClInclude Include="Sources\ClientSources\Weapon\Projectile\ProjectileAttackComponent.h">
      <Filter>Sources\ClientSources\Weapon\Projectile</Filter>
    </ClInclude>
    <ClInclude Include="Sources\ClientSources\Network\Protobuf\Enum.pb.h">
      <Filter>Sources\ClientSources\Network\Protobuf</Filter>
    </ClInclude>
    <ClInclude Include="Sources\ClientSources\Network\Protobuf\Struct.pb.h">
      <Filter>Sources\ClientSources\Network\Protobuf</Filter>
    </ClInclude>
    <ClInclude Include="Sources\ClientSources\Network\NetworkManager.h">
      <Filter>Sources\ClientSources\Network</Filter>
    </ClInclude>
    <ClInclude Include="Sources\ClientSources\Network\Session\ServerSession.h">
      <Filter>Sources\ClientSources\Network\Session</Filter>
    </ClInclude>
    <ClInclude Include="Sources\ClientSources\Network\Packet\ClientPacketHandler.h">
      <Filter>Sources\ClientSources\Network\Packet</Filter>
    </ClInclude>
    <ClInclude Include="Sources\ClientSources\Network\Protobuf\Packet.pb.h">
      <Filter>Sources\ClientSources\Network\Protobuf</Filter>
    </ClInclude>
    <ClInclude Include="Sources\ClientSources\Network\Protobuf\ProtocolId.pb.h">
      <Filter>Sources\ClientSources\Network\Protobuf</Filter>
    </ClInclude>
    <ClInclude Include="Sources\ClientSources\Network\NetworkMacros.h">
      <Filter>Sources\ClientSources\Network</Filter>
    </ClInclude>
  </ItemGroup>
</Project>