<?xml version="1.0" encoding="utf-8"?>
<Project ToolsVersion="4.0" xmlns="http://schemas.microsoft.com/developer/msbuild/2003">
  <ItemGroup>
    <Filter Include="ClientSources">
      <UniqueIdentifier>{130b339c-8e32-47d2-bc88-2ead70cfdc13}</UniqueIdentifier>
    </Filter>
    <Filter Include="ClientSources\GameApplication">
      <UniqueIdentifier>{8197e689-7313-4eeb-8af7-e095c92748aa}</UniqueIdentifier>
    </Filter>
    <Filter Include="ClientSources\Scene">
      <UniqueIdentifier>{00dbde32-bb6d-4a7b-90ee-6537b6b5ef52}</UniqueIdentifier>
    </Filter>
    <Filter Include="ClientSources\Player">
      <UniqueIdentifier>{77939aea-34c1-4198-8112-ee48230c677b}</UniqueIdentifier>
    </Filter>
    <Filter Include="ClientSources\World">
      <UniqueIdentifier>{7a0b3a64-7419-49d7-94a3-effcfb149e42}</UniqueIdentifier>
    </Filter>
    <Filter Include="ClientSources\Editor">
      <UniqueIdentifier>{a9473c3c-7072-447c-8615-deed306b60cd}</UniqueIdentifier>
    </Filter>
    <Filter Include="ClientSources\Weapon">
      <UniqueIdentifier>{4a5f34f4-83d8-4f48-86df-f0f0aa98443f}</UniqueIdentifier>
    </Filter>
    <Filter Include="ClientSources\Weapon\WeaponComponent">
      <UniqueIdentifier>{6dac4a8b-db17-44dd-a6fd-3b80db25731c}</UniqueIdentifier>
    </Filter>
    <Filter Include="ClientSources\Weapon\Projectile">
      <UniqueIdentifier>{e8c62bff-45dc-4cd2-af81-f847431b149b}</UniqueIdentifier>
    </Filter>
    <Filter Include="ClientSources\EnemyMonster">
      <UniqueIdentifier>{7e412397-20dc-4daf-b12b-e766d3fa8d4c}</UniqueIdentifier>
    </Filter>
    <Filter Include="ClientSources\EnemyMonster\EnemyMonsterActor">
      <UniqueIdentifier>{d77314b5-0b28-485d-9396-69b44447e5fd}</UniqueIdentifier>
    </Filter>
    <Filter Include="ClientSources\Network">
      <UniqueIdentifier>{72d77fb7-c5a3-4807-9a7c-58b5e61e924f}</UniqueIdentifier>
    </Filter>
    <Filter Include="ClientSources\Network\Protobuf">
      <UniqueIdentifier>{e392d897-8fd1-430e-b205-0b231b694069}</UniqueIdentifier>
    </Filter>
    <Filter Include="ClientSources\Network\Session">
      <UniqueIdentifier>{6d0c78ca-63ac-40c3-a60c-53ab14b62fdd}</UniqueIdentifier>
    </Filter>
    <Filter Include="ClientSources\Network\Packet">
      <UniqueIdentifier>{1e3b0d41-8043-4984-b7ea-4d045beeaaf6}</UniqueIdentifier>
    </Filter>
    <Filter Include="ClientSources\Pch">
      <UniqueIdentifier>{6e2c879c-f2b4-47b2-9b9c-574293a12c6c}</UniqueIdentifier>
    </Filter>
    <Filter Include="ClientSources\Global">
      <UniqueIdentifier>{405a955a-9b15-4842-ab55-cbb7fc9112d4}</UniqueIdentifier>
    </Filter>
    <Filter Include="ClientSources\EnemyMonster\EnemyRespawner">
      <UniqueIdentifier>{67536825-0764-4ae2-8348-df8d940fbfe2}</UniqueIdentifier>
    </Filter>
    <Filter Include="ClientSources\ErrorHandler">
      <UniqueIdentifier>{f90981ac-69bb-484b-a54f-083030014794}</UniqueIdentifier>
    </Filter>
    <Filter Include="ClientSources\BaseActor">
      <UniqueIdentifier>{30a22fcf-9930-47ca-9572-c5dcc8394894}</UniqueIdentifier>
    </Filter>
  </ItemGroup>
  <ItemGroup>
    <ClCompile Include="ClientSources\ClientMain.cpp">
      <Filter>ClientSources</Filter>
    </ClCompile>
    <ClCompile Include="ClientSources\GameApplication\GameApplication.cpp">
      <Filter>ClientSources\GameApplication</Filter>
    </ClCompile>
    <ClCompile Include="ClientSources\GameApplication\WindowProcedure.cpp">
      <Filter>ClientSources\GameApplication</Filter>
    </ClCompile>
    <ClCompile Include="ClientSources\Scene\WorldTileMapScene.cpp">
      <Filter>ClientSources\Scene</Filter>
    </ClCompile>
    <ClCompile Include="ClientSources\Scene\EditScene.cpp">
      <Filter>ClientSources\Scene</Filter>
    </ClCompile>
    <ClCompile Include="ClientSources\Scene\GameScene.cpp">
      <Filter>ClientSources\Scene</Filter>
    </ClCompile>
    <ClCompile Include="ClientSources\Player\LocalPlayerActor.cpp">
      <Filter>ClientSources\Player</Filter>
    </ClCompile>
    <ClCompile Include="ClientSources\Player\PlayerActor.cpp">
      <Filter>ClientSources\Player</Filter>
    </ClCompile>
    <ClCompile Include="ClientSources\Player\PlayerState.cpp">
      <Filter>ClientSources\Player</Filter>
    </ClCompile>
    <ClCompile Include="ClientSources\World\WorldBackgroundActor.cpp">
      <Filter>ClientSources\World</Filter>
    </ClCompile>
    <ClCompile Include="ClientSources\Editor\EditorActor.cpp">
      <Filter>ClientSources\Editor</Filter>
    </ClCompile>
    <ClCompile Include="ClientSources\Editor\EditorActorMoveComponent.cpp">
      <Filter>ClientSources\Editor</Filter>
    </ClCompile>
    <ClCompile Include="ClientSources\Weapon\WeaponActor.cpp">
      <Filter>ClientSources\Weapon</Filter>
    </ClCompile>
    <ClCompile Include="ClientSources\Weapon\WeaponFactory.cpp">
      <Filter>ClientSources\Weapon</Filter>
    </ClCompile>
    <ClCompile Include="ClientSources\Weapon\WeaponComponent\WeaponSequenceAttackComponent.cpp">
      <Filter>ClientSources\Weapon\WeaponComponent</Filter>
    </ClCompile>
    <ClCompile Include="ClientSources\Weapon\Projectile\ProjectileActor.cpp">
      <Filter>ClientSources\Weapon\Projectile</Filter>
    </ClCompile>
    <ClCompile Include="ClientSources\Weapon\Projectile\ProjectileAttackComponent.cpp">
      <Filter>ClientSources\Weapon\Projectile</Filter>
    </ClCompile>
    <ClCompile Include="ClientSources\EnemyMonster\EnemyMonsterActor\EnemyMonsterActor.cpp">
      <Filter>ClientSources\EnemyMonster\EnemyMonsterActor</Filter>
    </ClCompile>
    <ClCompile Include="ClientSources\EnemyMonster\EnemyMonsterActor\SnakeActor.cpp">
      <Filter>ClientSources\EnemyMonster\EnemyMonsterActor</Filter>
    </ClCompile>
    <ClCompile Include="ClientSources\Network\Session\ServerSession.cpp">
      <Filter>ClientSources\Network\Session</Filter>
    </ClCompile>
    <ClCompile Include="ClientSources\Network\Packet\ClientPacketHandler.cpp">
      <Filter>ClientSources\Network\Packet</Filter>
    </ClCompile>
    <ClCompile Include="ClientSources\Pch\Pch.cpp">
      <Filter>ClientSources\Pch</Filter>
    </ClCompile>
    <ClCompile Include="ClientSources\Network\Protobuf\Enum.pb.cc">
      <Filter>ClientSources\Network\Protobuf</Filter>
    </ClCompile>
    <ClCompile Include="ClientSources\Network\Protobuf\Packet.pb.cc">
      <Filter>ClientSources\Network\Protobuf</Filter>
    </ClCompile>
    <ClCompile Include="ClientSources\Network\Protobuf\ProtocolId.pb.cc">
      <Filter>ClientSources\Network\Protobuf</Filter>
    </ClCompile>
    <ClCompile Include="ClientSources\Network\Protobuf\Struct.pb.cc">
      <Filter>ClientSources\Network\Protobuf</Filter>
    </ClCompile>
    <ClCompile Include="ClientSources\EnemyMonster\EnemyRespawner\EnemyRespawner.cpp">
      <Filter>ClientSources\EnemyMonster\EnemyRespawner</Filter>
    </ClCompile>
    <ClCompile Include="ClientSources\ErrorHandler\ClientErrorHandler.cpp">
      <Filter>ClientSources\ErrorHandler</Filter>
    </ClCompile>
    <ClCompile Include="ClientSources\Player\NetworkPlayerActor.cpp">
      <Filter>ClientSources\Player</Filter>
    </ClCompile>
    <ClCompile Include="ClientSources\BaseActor\CommunicationActor.cpp">
      <Filter>ClientSources\BaseActor</Filter>
    </ClCompile>
    <ClCompile Include="ClientSources\BaseActor\ActionableActor.cpp">
      <Filter>ClientSources\BaseActor</Filter>
    </ClCompile>
    <ClCompile Include="ClientSources\Network\NetworkManager.cpp">
      <Filter>ClientSources\Network</Filter>
    </ClCompile>
  </ItemGroup>
  <ItemGroup>
    <ClInclude Include="ClientSources\GameApplication\GameApplication.h">
      <Filter>ClientSources\GameApplication</Filter>
    </ClInclude>
    <ClInclude Include="ClientSources\GameApplication\WindowProcedure.h">
      <Filter>ClientSources\GameApplication</Filter>
    </ClInclude>
    <ClInclude Include="ClientSources\Scene\WorldTileMapScene.h">
      <Filter>ClientSources\Scene</Filter>
    </ClInclude>
    <ClInclude Include="ClientSources\Scene\EditScene.h">
      <Filter>ClientSources\Scene</Filter>
    </ClInclude>
    <ClInclude Include="ClientSources\Scene\GameScene.h">
      <Filter>ClientSources\Scene</Filter>
    </ClInclude>
    <ClInclude Include="ClientSources\Player\LocalPlayerActor.h">
      <Filter>ClientSources\Player</Filter>
    </ClInclude>
    <ClInclude Include="ClientSources\Player\PlayerActor.h">
      <Filter>ClientSources\Player</Filter>
    </ClInclude>
    <ClInclude Include="ClientSources\Player\PlayerState.h">
      <Filter>ClientSources\Player</Filter>
    </ClInclude>
    <ClInclude Include="ClientSources\World\WorldBackgroundActor.h">
      <Filter>ClientSources\World</Filter>
    </ClInclude>
    <ClInclude Include="ClientSources\Editor\EditorActor.h">
      <Filter>ClientSources\Editor</Filter>
    </ClInclude>
    <ClInclude Include="ClientSources\Editor\EditorActorMoveComponent.h">
      <Filter>ClientSources\Editor</Filter>
    </ClInclude>
    <ClInclude Include="ClientSources\Weapon\WeaponActor.h">
      <Filter>ClientSources\Weapon</Filter>
    </ClInclude>
    <ClInclude Include="ClientSources\Weapon\WeaponEnums.h">
      <Filter>ClientSources\Weapon</Filter>
    </ClInclude>
    <ClInclude Include="ClientSources\Weapon\WeaponFactory.h">
      <Filter>ClientSources\Weapon</Filter>
    </ClInclude>
    <ClInclude Include="ClientSources\Weapon\WeaponComponent\WeaponSequenceAttackComponent.h">
      <Filter>ClientSources\Weapon\WeaponComponent</Filter>
    </ClInclude>
    <ClInclude Include="ClientSources\Weapon\Projectile\ProjectileActor.h">
      <Filter>ClientSources\Weapon\Projectile</Filter>
    </ClInclude>
    <ClInclude Include="ClientSources\Weapon\Projectile\ProjectileAttackComponent.h">
      <Filter>ClientSources\Weapon\Projectile</Filter>
    </ClInclude>
    <ClInclude Include="ClientSources\Weapon\Projectile\ProjectileStructs.h">
      <Filter>ClientSources\Weapon\Projectile</Filter>
    </ClInclude>
    <ClInclude Include="ClientSources\EnemyMonster\EnemyMonsterActor\EnemyMonsterActor.h">
      <Filter>ClientSources\EnemyMonster\EnemyMonsterActor</Filter>
    </ClInclude>
    <ClInclude Include="ClientSources\EnemyMonster\EnemyMonsterActor\SnakeActor.h">
      <Filter>ClientSources\EnemyMonster\EnemyMonsterActor</Filter>
    </ClInclude>
    <ClInclude Include="ClientSources\Network\NetworkManager.h">
      <Filter>ClientSources\Network</Filter>
    </ClInclude>
    <ClInclude Include="ClientSources\Network\Session\ServerSession.h">
      <Filter>ClientSources\Network\Session</Filter>
    </ClInclude>
    <ClInclude Include="ClientSources\Network\Packet\ClientPacketHandler.h">
      <Filter>ClientSources\Network\Packet</Filter>
    </ClInclude>
    <ClInclude Include="ClientSources\Pch\Pch.h">
      <Filter>ClientSources\Pch</Filter>
    </ClInclude>
    <ClInclude Include="ClientSources\Network\Protobuf\Enum.pb.h">
      <Filter>ClientSources\Network\Protobuf</Filter>
    </ClInclude>
    <ClInclude Include="ClientSources\Network\Protobuf\Packet.pb.h">
      <Filter>ClientSources\Network\Protobuf</Filter>
    </ClInclude>
    <ClInclude Include="ClientSources\Network\Protobuf\ProtocolId.pb.h">
      <Filter>ClientSources\Network\Protobuf</Filter>
    </ClInclude>
    <ClInclude Include="ClientSources\Network\Protobuf\Struct.pb.h">
      <Filter>ClientSources\Network\Protobuf</Filter>
    </ClInclude>
    <ClInclude Include="ClientSources\Global\DataTypes.h">
      <Filter>ClientSources\Global</Filter>
    </ClInclude>
    <ClInclude Include="ClientSources\EnemyMonster\EnemyRespawner\EnemyRespawner.h">
      <Filter>ClientSources\EnemyMonster\EnemyRespawner</Filter>
    </ClInclude>
    <ClInclude Include="ClientSources\ErrorHandler\ClientErrorHandler.h">
      <Filter>ClientSources\ErrorHandler</Filter>
    </ClInclude>
    <ClInclude Include="ClientSources\ErrorHandler\ErrorEnums.h">
      <Filter>ClientSources\ErrorHandler</Filter>
    </ClInclude>
    <ClInclude Include="ClientSources\Player\NetworkPlayerActor.h">
      <Filter>ClientSources\Player</Filter>
    </ClInclude>
    <ClInclude Include="ClientSources\BaseActor\CommunicationActor.h">
      <Filter>ClientSources\BaseActor</Filter>
    </ClInclude>
    <ClInclude Include="ClientSources\BaseActor\ActionableActor.h">
      <Filter>ClientSources\BaseActor</Filter>
    </ClInclude>
  </ItemGroup>
</Project>