<?xml version="1.0" encoding="utf-8"?>
<Project ToolsVersion="4.0" xmlns="http://schemas.microsoft.com/developer/msbuild/2003">
  <ItemGroup>
    <ClInclude Include="ServerCoreSources\UniversalInclusion.h">
      <Filter>ServerCoreSources</Filter>
    </ClInclude>
    <ClInclude Include="ServerCoreSources\Thread\ThreadPool.h">
      <Filter>ServerCoreSources\Thread</Filter>
    </ClInclude>
    <ClInclude Include="ServerCoreSources\Thread\Tls.h">
      <Filter>ServerCoreSources\Thread</Filter>
    </ClInclude>
    <ClInclude Include="ServerCoreSources\Network\IocpCore.h">
      <Filter>ServerCoreSources\Network</Filter>
    </ClInclude>
    <ClInclude Include="ServerCoreSources\Network\IocpEvent.h">
      <Filter>ServerCoreSources\Network</Filter>
    </ClInclude>
    <ClInclude Include="ServerCoreSources\Network\IocpObject.h">
      <Filter>ServerCoreSources\Network</Filter>
    </ClInclude>
    <ClInclude Include="ServerCoreSources\Network\Listener.h">
      <Filter>ServerCoreSources\Network</Filter>
    </ClInclude>
    <ClInclude Include="ServerCoreSources\Network\NetworkAddress.h">
      <Filter>ServerCoreSources\Network</Filter>
    </ClInclude>
    <ClInclude Include="ServerCoreSources\Network\Service.h">
      <Filter>ServerCoreSources\Network</Filter>
    </ClInclude>
    <ClInclude Include="ServerCoreSources\Network\Session\PacketSession.h">
      <Filter>ServerCoreSources\Network\Session</Filter>
    </ClInclude>
    <ClInclude Include="ServerCoreSources\Network\Session\Session.h">
      <Filter>ServerCoreSources\Network\Session</Filter>
    </ClInclude>
    <ClInclude Include="ServerCoreSources\Network\Buffer\BufferReader.h">
      <Filter>ServerCoreSources\Network\Buffer</Filter>
    </ClInclude>
    <ClInclude Include="ServerCoreSources\Network\Buffer\BufferWriter.h">
      <Filter>ServerCoreSources\Network\Buffer</Filter>
    </ClInclude>
    <ClInclude Include="ServerCoreSources\Network\Buffer\ReceiveBuffer.h">
      <Filter>ServerCoreSources\Network\Buffer</Filter>
    </ClInclude>
    <ClInclude Include="ServerCoreSources\Network\Buffer\SendBuffer.h">
      <Filter>ServerCoreSources\Network\Buffer</Filter>
    </ClInclude>
    <ClInclude Include="ServerCoreSources\Socket\SocketUtility.h">
      <Filter>ServerCoreSources\Socket</Filter>
    </ClInclude>
    <ClInclude Include="ServerCoreSources\Pch\Pch.h">
      <Filter>ServerCoreSources\Pch</Filter>
    </ClInclude>
    <ClInclude Include="ServerCoreSources\Global\DataTypes.h">
      <Filter>ServerCoreSources\Global</Filter>
    </ClInclude>
  </ItemGroup>
  <ItemGroup>
    <ClCompile Include="ServerCoreSources\Thread\ThreadPool.cpp">
      <Filter>ServerCoreSources\Thread</Filter>
    </ClCompile>
    <ClCompile Include="ServerCoreSources\Thread\Tls.cpp">
      <Filter>ServerCoreSources\Thread</Filter>
    </ClCompile>
    <ClCompile Include="ServerCoreSources\Network\IocpCore.cpp">
      <Filter>ServerCoreSources\Network</Filter>
    </ClCompile>
    <ClCompile Include="ServerCoreSources\Network\IocpEvent.cpp">
      <Filter>ServerCoreSources\Network</Filter>
    </ClCompile>
    <ClCompile Include="ServerCoreSources\Network\IocpObject.cpp">
      <Filter>ServerCoreSources\Network</Filter>
    </ClCompile>
    <ClCompile Include="ServerCoreSources\Network\Listener.cpp">
      <Filter>ServerCoreSources\Network</Filter>
    </ClCompile>
    <ClCompile Include="ServerCoreSources\Network\NetworkAddress.cpp">
      <Filter>ServerCoreSources\Network</Filter>
    </ClCompile>
    <ClCompile Include="ServerCoreSources\Network\Service.cpp">
      <Filter>ServerCoreSources\Network</Filter>
    </ClCompile>
    <ClCompile Include="ServerCoreSources\Network\Session\PacketSession.cpp">
      <Filter>ServerCoreSources\Network\Session</Filter>
    </ClCompile>
    <ClCompile Include="ServerCoreSources\Network\Session\Session.cpp">
      <Filter>ServerCoreSources\Network\Session</Filter>
    </ClCompile>
    <ClCompile Include="ServerCoreSources\Network\Buffer\BufferReader.cpp">
      <Filter>ServerCoreSources\Network\Buffer</Filter>
    </ClCompile>
    <ClCompile Include="ServerCoreSources\Network\Buffer\BufferWriter.cpp">
      <Filter>ServerCoreSources\Network\Buffer</Filter>
    </ClCompile>
    <ClCompile Include="ServerCoreSources\Network\Buffer\ReceiveBuffer.cpp">
      <Filter>ServerCoreSources\Network\Buffer</Filter>
    </ClCompile>
    <ClCompile Include="ServerCoreSources\Network\Buffer\SendBuffer.cpp">
      <Filter>ServerCoreSources\Network\Buffer</Filter>
    </ClCompile>
    <ClCompile Include="ServerCoreSources\Socket\SocketUtility.cpp">
      <Filter>ServerCoreSources\Socket</Filter>
    </ClCompile>
    <ClCompile Include="ServerCoreSources\Pch\Pch.cpp">
      <Filter>ServerCoreSources\Pch</Filter>
    </ClCompile>
  </ItemGroup>
  <ItemGroup>
    <Filter Include="ServerCoreSources">
      <UniqueIdentifier>{4dc53b82-4aff-4cd6-bb7c-c7fe1eddc481}</UniqueIdentifier>
    </Filter>
    <Filter Include="ServerCoreSources\Thread">
      <UniqueIdentifier>{f420eb77-c167-4ea5-a667-4403b9baeb5f}</UniqueIdentifier>
    </Filter>
    <Filter Include="ServerCoreSources\Network">
      <UniqueIdentifier>{b3af5f11-bb9c-4c11-996c-ecada22ed813}</UniqueIdentifier>
    </Filter>
    <Filter Include="ServerCoreSources\Network\Session">
      <UniqueIdentifier>{e136d0f8-100c-4a1c-a4bf-33e3a06097bb}</UniqueIdentifier>
    </Filter>
    <Filter Include="ServerCoreSources\Network\Buffer">
      <UniqueIdentifier>{41e1cc1f-6789-484a-9036-b3ae92e70809}</UniqueIdentifier>
    </Filter>
    <Filter Include="ServerCoreSources\Socket">
      <UniqueIdentifier>{79348e67-d6c8-48cf-baad-46eb37d8bf4f}</UniqueIdentifier>
    </Filter>
    <Filter Include="ServerCoreSources\Pch">
      <UniqueIdentifier>{ea91665b-fd27-4eb7-ad32-af244dcd4def}</UniqueIdentifier>
    </Filter>
    <Filter Include="ServerCoreSources\Global">
      <UniqueIdentifier>{b2e2662e-4d48-466a-8076-3cfb770e19d9}</UniqueIdentifier>
    </Filter>
  </ItemGroup>
</Project>