<?xml version="1.0" encoding="utf-8"?>
<Project ToolsVersion="4.0" xmlns="http://schemas.microsoft.com/developer/msbuild/2003">
  <ItemGroup>
    <ClInclude Include="Sources\Global\Types.h">
      <Filter>Global</Filter>
    </ClInclude>
    <ClInclude Include="Sources\Network\Buffer\BufferReader.h">
      <Filter>Network\Buffer</Filter>
    </ClInclude>
    <ClInclude Include="Sources\Network\Buffer\BufferWriter.h">
      <Filter>Network\Buffer</Filter>
    </ClInclude>
    <ClInclude Include="Sources\Network\IocpCore.h">
      <Filter>Network</Filter>
    </ClInclude>
    <ClInclude Include="Sources\Network\IocpEvent.h">
      <Filter>Network</Filter>
    </ClInclude>
    <ClInclude Include="Sources\Network\IocpObject.h">
      <Filter>Network</Filter>
    </ClInclude>
    <ClInclude Include="Sources\Network\Listener.h">
      <Filter>Network</Filter>
    </ClInclude>
    <ClInclude Include="Sources\Network\NetworkAddress.h">
      <Filter>Network</Filter>
    </ClInclude>
    <ClInclude Include="Sources\Network\Buffer\ReceiveBuffer.h">
      <Filter>Network\Buffer</Filter>
    </ClInclude>
    <ClInclude Include="Sources\Network\Buffer\SendBuffer.h">
      <Filter>Network\Buffer</Filter>
    </ClInclude>
    <ClInclude Include="Sources\Network\Service.h">
      <Filter>Network</Filter>
    </ClInclude>
    <ClInclude Include="Sources\Network\Session\PacketSession.h">
      <Filter>Network\Session</Filter>
    </ClInclude>
    <ClInclude Include="Sources\Network\Session\Session.h">
      <Filter>Network\Session</Filter>
    </ClInclude>
    <ClInclude Include="Sources\Thread\ThreadPool.h">
      <Filter>Thread</Filter>
    </ClInclude>
    <ClInclude Include="Sources\Socket\SocketUtility.h">
      <Filter>Socket</Filter>
    </ClInclude>
    <ClInclude Include="Sources\Pch\Pch.h">
      <Filter>Pch</Filter>
    </ClInclude>
    <ClInclude Include="Sources\Thread\Tls.h">
      <Filter>Thread</Filter>
    </ClInclude>
  </ItemGroup>
  <ItemGroup>
    <ClCompile Include="Sources\Network\Buffer\BufferReader.cpp">
      <Filter>Network\Buffer</Filter>
    </ClCompile>
    <ClCompile Include="Sources\Network\Buffer\BufferWriter.cpp">
      <Filter>Network\Buffer</Filter>
    </ClCompile>
    <ClCompile Include="Sources\Network\IocpCore.cpp">
      <Filter>Network</Filter>
    </ClCompile>
    <ClCompile Include="Sources\Network\IocpEvent.cpp">
      <Filter>Network</Filter>
    </ClCompile>
    <ClCompile Include="Sources\Network\IocpObject.cpp">
      <Filter>Network</Filter>
    </ClCompile>
    <ClCompile Include="Sources\Network\Listener.cpp">
      <Filter>Network</Filter>
    </ClCompile>
    <ClCompile Include="Sources\Network\NetworkAddress.cpp">
      <Filter>Network</Filter>
    </ClCompile>
    <ClCompile Include="Sources\Network\Buffer\ReceiveBuffer.cpp">
      <Filter>Network\Buffer</Filter>
    </ClCompile>
    <ClCompile Include="Sources\Network\Buffer\SendBuffer.cpp">
      <Filter>Network\Buffer</Filter>
    </ClCompile>
    <ClCompile Include="Sources\Network\Service.cpp">
      <Filter>Network</Filter>
    </ClCompile>
    <ClCompile Include="Sources\Network\Session\PacketSession.cpp">
      <Filter>Network\Session</Filter>
    </ClCompile>
    <ClCompile Include="Sources\Network\Session\Session.cpp">
      <Filter>Network\Session</Filter>
    </ClCompile>
    <ClCompile Include="Sources\Thread\ThreadPool.cpp">
      <Filter>Thread</Filter>
    </ClCompile>
    <ClCompile Include="Sources\Socket\SocketUtility.cpp">
      <Filter>Socket</Filter>
    </ClCompile>
    <ClCompile Include="Sources\Pch\Pch.cpp">
      <Filter>Pch</Filter>
    </ClCompile>
    <ClCompile Include="Sources\Thread\Tls.cpp">
      <Filter>Thread</Filter>
    </ClCompile>
  </ItemGroup>
  <ItemGroup>
    <Filter Include="Global">
      <UniqueIdentifier>{fd20ce1d-ebcf-4aef-8480-3f367f9019ca}</UniqueIdentifier>
    </Filter>
    <Filter Include="Network">
      <UniqueIdentifier>{555bf19c-db3a-44d4-a7d8-c07ad6f0b0fa}</UniqueIdentifier>
    </Filter>
    <Filter Include="Network\Buffer">
      <UniqueIdentifier>{f8671c44-1e43-4ef5-8fd1-9a5eb402e8a4}</UniqueIdentifier>
    </Filter>
    <Filter Include="Network\Session">
      <UniqueIdentifier>{f5b1d42f-6ba9-4e9b-bf4a-d6ee3c6ea0c6}</UniqueIdentifier>
    </Filter>
    <Filter Include="Thread">
      <UniqueIdentifier>{35fb4bb9-e9e0-4a83-8aa0-30c66c401733}</UniqueIdentifier>
    </Filter>
    <Filter Include="Socket">
      <UniqueIdentifier>{c1c7d262-84a9-4768-9d36-8e919c8f970f}</UniqueIdentifier>
    </Filter>
    <Filter Include="Pch">
      <UniqueIdentifier>{080a7720-c899-46dd-9e60-10419978bdde}</UniqueIdentifier>
    </Filter>
  </ItemGroup>
</Project>